// !$*UTF8*$!
{
	archiveVersion = 1;
	classes = {
	};
	objectVersion = 77;
	objects = {

/* Begin PBXBuildFile section */
		01C9B58409FE5FF2AA3F5A3E /* AliStoreCore.framework in Embed Frameworks */ = {isa = PBXBuildFile; fileRef = 3397795D183792BD78015F89 /* AliStoreCore.framework */; settings = {ATTRIBUTES = (CodeSignOnCopy, RemoveHeadersOnCopy, ); }; };
		033C0B97BDD273CF2129F40B /* alistore-icon.svg in Resources */ = {isa = PBXBuildFile; fileRef = 6B1D32FCA09B1D185D612CA7 /* alistore-icon.svg */; };
		03444F4B218B5510473414A3 /* OfflineQueue.swift in Sources */ = {isa = PBXBuildFile; fileRef = 8A5A549F226050ACB113FF4E /* OfflineQueue.swift */; };
		03E06D3A831510A208B2CA6E /* OrderTrackingView.swift in Sources */ = {isa = PBXBuildFile; fileRef = 8F3970931F4839B3C2A168BE /* OrderTrackingView.swift */; };
		09D8C1D12D770FC850E10E98 /* POSOperationsView.swift in Sources */ = {isa = PBXBuildFile; fileRef = 72CCB230F61743790D08A7C6 /* POSOperationsView.swift */; };
		149FA88780F0B62AF79F30EA /* JetBrainsMono-Medium.ttf in Resources */ = {isa = PBXBuildFile; fileRef = 4B87620B30BD0C4257DDBEE1 /* JetBrainsMono-Medium.ttf */; };
		189C03F1DEAE49BBDFDDDA40 /* AliStoreCore.framework in Embed Frameworks */ = {isa = PBXBuildFile; fileRef = 3397795D183792BD78015F89 /* AliStoreCore.framework */; settings = {ATTRIBUTES = (CodeSignOnCopy, RemoveHeadersOnCopy, ); }; };
		1A0DD02233D463CD63BCE9C0 /* alistore-icon.svg in Resources */ = {isa = PBXBuildFile; fileRef = 6B1D32FCA09B1D185D612CA7 /* alistore-icon.svg */; };
		21A26D50DD49AB956D2FE4D5 /* Assets.xcassets in Resources */ = {isa = PBXBuildFile; fileRef = 2984688119D5255CF5B06009 /* Assets.xcassets */; };
		241F114DD088D321DE0AFD26 /* Manrope-Medium.ttf in Resources */ = {isa = PBXBuildFile; fileRef = 5C0BEDD4335D0148387D8CCA /* Manrope-Medium.ttf */; };
		247D979D2B6ABCFDFDA09A5C /* AliStoreCore.framework in Frameworks */ = {isa = PBXBuildFile; fileRef = 3397795D183792BD78015F89 /* AliStoreCore.framework */; };
		252697FC24CD3C493D79A848 /* AliStoreStaffApp.swift in Sources */ = {isa = PBXBuildFile; fileRef = 92E45818EA980052BFD297EE /* AliStoreStaffApp.swift */; };
		2935B3E1DC695ADF56DEAF82 /* SupportChatView.swift in Sources */ = {isa = PBXBuildFile; fileRef = 98164133D41CBD85293AD716 /* SupportChatView.swift */; };
		305BBB69F7C855FB15F09273 /* OFL-Manrope.txt in Resources */ = {isa = PBXBuildFile; fileRef = F17D6035DF91395FA9C419FE /* OFL-Manrope.txt */; };
		31206D7B6F17EA6847E571FB /* Design3.swift in Sources */ = {isa = PBXBuildFile; fileRef = 2E66E9C42511A1AB67627F0E /* Design3.swift */; };
		3469A62E39FDA40C52D6CCCB /* Assets.xcassets in Resources */ = {isa = PBXBuildFile; fileRef = 2984688119D5255CF5B06009 /* Assets.xcassets */; };
		351EBDAEDA3C3201EA8957CF /* CustomerMeContractTests.swift in Sources */ = {isa = PBXBuildFile; fileRef = 20417BD43EE34AC2EEC2DE55 /* CustomerMeContractTests.swift */; };
		3C122434725480BD6FD225EF /* AliStoreCore.framework in Embed Frameworks */ = {isa = PBXBuildFile; fileRef = 3397795D183792BD78015F89 /* AliStoreCore.framework */; settings = {ATTRIBUTES = (CodeSignOnCopy, RemoveHeadersOnCopy, ); }; };
		3DD3BC46F9BEDBEE0AF1907A /* GolosText-Medium.ttf in Resources */ = {isa = PBXBuildFile; fileRef = 85E2CA210C5423F5C9A6CBED /* GolosText-Medium.ttf */; };
		478D1BA4ECEEE8573B9C8190 /* AliStoreCore.framework in Frameworks */ = {isa = PBXBuildFile; fileRef = 3397795D183792BD78015F89 /* AliStoreCore.framework */; };
		492FE010C8F04B72F808B040 /* ReferralView.swift in Sources */ = {isa = PBXBuildFile; fileRef = 14D9ECDFDBC25D5BACF48D03 /* ReferralView.swift */; };
		4AF63F6ACD7F8CD061DD765F /* OrderTimelineContractTests.swift in Sources */ = {isa = PBXBuildFile; fileRef = 13DAD8839BC2E93CE723B455 /* OrderTimelineContractTests.swift */; };
		4BAE338D9CD95F760DDA2C50 /* UITestBootstrap.swift in Sources */ = {isa = PBXBuildFile; fileRef = EF6D9D9A15F0C3427BE89C36 /* UITestBootstrap.swift */; };
		563AE96AB62412BDC8FBF5BE /* POSReturnFlowTests.swift in Sources */ = {isa = PBXBuildFile; fileRef = 23A77B6766DDA30B601B2B75 /* POSReturnFlowTests.swift */; };
		5C4A0A294F055F12ACC271CD /* PrivacyInfo.xcprivacy in Resources */ = {isa = PBXBuildFile; fileRef = AE157FE93CD516D1CBF400CF /* PrivacyInfo.xcprivacy */; };
		60A91B77ED6D2F052725E568 /* PrivacyInfo.xcprivacy in Resources */ = {isa = PBXBuildFile; fileRef = E5C4B9BAAE039961AFE73B38 /* PrivacyInfo.xcprivacy */; };
		615203EBFF70A2140FAB6A11 /* AliStoreStaffUITests.swift in Sources */ = {isa = PBXBuildFile; fileRef = B71555FF8DD0A3CC48463326 /* AliStoreStaffUITests.swift */; };
		652FDF2063F51338694979A9 /* StaffWorkView.swift in Sources */ = {isa = PBXBuildFile; fileRef = 7596CAED282254008F7309B8 /* StaffWorkView.swift */; };
		6671744F29AD025FF2589365 /* StoriesViewer.swift in Sources */ = {isa = PBXBuildFile; fileRef = 5D95C4B497368547545CF2AB /* StoriesViewer.swift */; };
		67F9FECC360463286E2FDC18 /* ClientDebugFeature.swift in Sources */ = {isa = PBXBuildFile; fileRef = F8492CB93F0DA4FC652D7AA7 /* ClientDebugFeature.swift */; };
		6CD45C6F9AAB7CAB5A235816 /* Manrope-SemiBold.ttf in Resources */ = {isa = PBXBuildFile; fileRef = DBC38565DF1A732BD3F92A67 /* Manrope-SemiBold.ttf */; };
		72577A15EB13D14CB354087E /* CustomerAuthStore.swift in Sources */ = {isa = PBXBuildFile; fileRef = 7033BA33B1C79C598D5B3331 /* CustomerAuthStore.swift */; };
		72ED8339516944CFBCBD7C65 /* AliStoreCourierUITests.swift in Sources */ = {isa = PBXBuildFile; fileRef = 9576E77974E52F36135B72C9 /* AliStoreCourierUITests.swift */; };
		73F2797F50FCEB22F130961A /* AliStoreClientUITests.swift in Sources */ = {isa = PBXBuildFile; fileRef = CCD8D652B4837DE56B9A3CA3 /* AliStoreClientUITests.swift */; };
		77F2D261D59534FDD6B7F788 /* StaffAuthStore.swift in Sources */ = {isa = PBXBuildFile; fileRef = 915AE89967CFCBBAF37C4FA6 /* StaffAuthStore.swift */; };
		79619A82071A946BE8FD80B7 /* Design3Primitives.swift in Sources */ = {isa = PBXBuildFile; fileRef = 6361088297362FC977D53407 /* Design3Primitives.swift */; };
		7F516A224125BB6E327DCD90 /* POSSaleView.swift in Sources */ = {isa = PBXBuildFile; fileRef = 82C7F7335AA46910CF656B72 /* POSSaleView.swift */; };
		801111550678A8B136CA7459 /* POSReturnFlow.swift in Sources */ = {isa = PBXBuildFile; fileRef = CD7187EA0C9EF4F8DA4016FE /* POSReturnFlow.swift */; };
		854F379748EADD4855715C4C /* GolosText-SemiBold.ttf in Resources */ = {isa = PBXBuildFile; fileRef = DDA937EE43556002834E5E61 /* GolosText-SemiBold.ttf */; };
		8A993354587D621FEB1A1B2B /* AliStorePOSApp.swift in Sources */ = {isa = PBXBuildFile; fileRef = 9D066758EACE85A38D074A58 /* AliStorePOSApp.swift */; };
		8C5A4F7C9419670E633A9668 /* Models.swift in Sources */ = {isa = PBXBuildFile; fileRef = A9EBC4D5C06A5630E3B7D69D /* Models.swift */; };
		8DD0417F646F1BEC0FF7830A /* AliStoreCore.framework in Frameworks */ = {isa = PBXBuildFile; fileRef = 3397795D183792BD78015F89 /* AliStoreCore.framework */; };
		8E922FEB132920BF2ABED19D /* AliStorePOSUITests.swift in Sources */ = {isa = PBXBuildFile; fileRef = A7DA82D99B1EEA4943E5783E /* AliStorePOSUITests.swift */; };
		8EB1B61A796F080906F9324C /* OFL-GolosText.txt in Resources */ = {isa = PBXBuildFile; fileRef = 2DB79FB18FA1D1C4C93EED5C /* OFL-GolosText.txt */; };
		94459A9148B2AD4EAAE1A4F4 /* Assets.xcassets in Resources */ = {isa = PBXBuildFile; fileRef = 9DB95C7AEDD106535B4EE886 /* Assets.xcassets */; };
		95EB1A7C0A189F0D3F35FF3C /* NativeShell.swift in Sources */ = {isa = PBXBuildFile; fileRef = 04AAB6220384C05861A21153 /* NativeShell.swift */; };
		973D1A2779C11D55E3836920 /* GolosText-Bold.ttf in Resources */ = {isa = PBXBuildFile; fileRef = 739B68D254BC1DE9AB4F5022 /* GolosText-Bold.ttf */; };
		98235E7E7D8DF4F3815F95C0 /* SystemStatesView.swift in Sources */ = {isa = PBXBuildFile; fileRef = 6383E95E61180D3B14C31526 /* SystemStatesView.swift */; };
		A032872D6346B1EC5ED635BF /* Manrope-Bold.ttf in Resources */ = {isa = PBXBuildFile; fileRef = A1F688B97A87EDB7D63096C5 /* Manrope-Bold.ttf */; };
		A2EEF23C6113ACFAA8CAEDEE /* GolosText-Regular.ttf in Resources */ = {isa = PBXBuildFile; fileRef = 2962E44FB9BB3C792A4757AC /* GolosText-Regular.ttf */; };
		A562636391B66F2B1BED55CA /* AliStoreCore.framework in Frameworks */ = {isa = PBXBuildFile; fileRef = 3397795D183792BD78015F89 /* AliStoreCore.framework */; };
		A6B3E652D932FE6D10C39B25 /* AppEnvironment.swift in Sources */ = {isa = PBXBuildFile; fileRef = 7FED3419B6DC2FCCAA39BBA1 /* AppEnvironment.swift */; };
		A80FCD2AA45BA0E8B994C5C6 /* StaffScannerView.swift in Sources */ = {isa = PBXBuildFile; fileRef = 3DDD9376D59012178E0570F2 /* StaffScannerView.swift */; };
		AD696B438FE76B13F00948AB /* Manrope-Regular.ttf in Resources */ = {isa = PBXBuildFile; fileRef = 81DBFF266CD05AAAB7F03841 /* Manrope-Regular.ttf */; };
		AD8F4AD7E5412004A4DE7F90 /* Assets.xcassets in Resources */ = {isa = PBXBuildFile; fileRef = E3930B564A069DBB66A1EF6E /* Assets.xcassets */; };
		B7D091E62045AE7C5ED634F9 /* InstallmentView.swift in Sources */ = {isa = PBXBuildFile; fileRef = 71A1CBC09633E9E221DC03E3 /* InstallmentView.swift */; };
		B92D85D26242A0D8F65E1A52 /* AliStoreCore.framework in Frameworks */ = {isa = PBXBuildFile; fileRef = 3397795D183792BD78015F89 /* AliStoreCore.framework */; };
		BB51670BC2D528ECA213E260 /* Manrope-ExtraBold.ttf in Resources */ = {isa = PBXBuildFile; fileRef = 4138BDA48D595174DC088C57 /* Manrope-ExtraBold.ttf */; };
		BB9F1E820E92F5AE7302734F /* Assets.xcassets in Resources */ = {isa = PBXBuildFile; fileRef = 2CD07CA19B272D575A7C4E3D /* Assets.xcassets */; };
		BCA60888879A0F2A828FCBE4 /* CheckoutContractTests.swift in Sources */ = {isa = PBXBuildFile; fileRef = C8FDD439193A401CC80D4A41 /* CheckoutContractTests.swift */; };
		BE916851B616DAF5F4F639FA /* PrivacyInfo.xcprivacy in Resources */ = {isa = PBXBuildFile; fileRef = 75FA9A6B569FE2E36871089D /* PrivacyInfo.xcprivacy */; };
		C980E64308632EB4DEBCEFC2 /* APIClient.swift in Sources */ = {isa = PBXBuildFile; fileRef = 11F23ACBE05CF3A0E1499E0B /* APIClient.swift */; };
		CB9F0F7A3C01608E128CE403 /* AliStoreClientApp.swift in Sources */ = {isa = PBXBuildFile; fileRef = 41DB2C73385C8B88CC17B5CA /* AliStoreClientApp.swift */; };
		D10A68419B9AC3F5E5048EBC /* PrivacyInfo.xcprivacy in Resources */ = {isa = PBXBuildFile; fileRef = 34EA386491279732C58F06E5 /* PrivacyInfo.xcprivacy */; };
		D1F1BA53DC9B26473B962F02 /* JetBrainsMono-Regular.ttf in Resources */ = {isa = PBXBuildFile; fileRef = 2D17FA3900F6A16DD7BA9C62 /* JetBrainsMono-Regular.ttf */; };
		D3267E880FEF79B442F04BD0 /* QuickUnlockTests.swift in Sources */ = {isa = PBXBuildFile; fileRef = 42BC4CE3DCC041CF32038A86 /* QuickUnlockTests.swift */; };
		D41D08C37ADC9A026A6A1BD9 /* OFL-JetBrainsMono.txt in Resources */ = {isa = PBXBuildFile; fileRef = 242B1D211D250E4D9D64635B /* OFL-JetBrainsMono.txt */; };
		D8540E88D9B3581F66746FF8 /* PrivacyInfo.xcprivacy in Resources */ = {isa = PBXBuildFile; fileRef = 3AB2DF87CCB8F267C3EFB6B1 /* PrivacyInfo.xcprivacy */; };
		DAF231BFB615CD79C0300ADF /* SmartSearch.swift in Sources */ = {isa = PBXBuildFile; fileRef = C348479F602D4264A6697DC8 /* SmartSearch.swift */; };
		DC79480D6ECD50E8398446DD /* SecureTokenStore.swift in Sources */ = {isa = PBXBuildFile; fileRef = 3C549DC007F324FA3CD14173 /* SecureTokenStore.swift */; };
		E3B3670272FF6B5A0E381FFE /* CourierOperationsView.swift in Sources */ = {isa = PBXBuildFile; fileRef = 304D36F0FCB733F1FA319FFE /* CourierOperationsView.swift */; };
		E4AFBA9E7AA4F56F3FB28A7E /* AliStoreCore.framework in Embed Frameworks */ = {isa = PBXBuildFile; fileRef = 3397795D183792BD78015F89 /* AliStoreCore.framework */; settings = {ATTRIBUTES = (CodeSignOnCopy, RemoveHeadersOnCopy, ); }; };
		E57E3F0730FC547D46F22256 /* alistore-icon.svg in Resources */ = {isa = PBXBuildFile; fileRef = 6B1D32FCA09B1D185D612CA7 /* alistore-icon.svg */; };
		E6E658A8C44D36ED57827236 /* StaffLoginView.swift in Sources */ = {isa = PBXBuildFile; fileRef = 2A617D85C85DD435B687E350 /* StaffLoginView.swift */; };
		E782525DE9BA891168B79DC2 /* Assets.xcassets in Resources */ = {isa = PBXBuildFile; fileRef = 0D52D0200FC74225D8DA7907 /* Assets.xcassets */; };
		E9AD728C67345D0B10525495 /* Assets.xcassets in Resources */ = {isa = PBXBuildFile; fileRef = 2984688119D5255CF5B06009 /* Assets.xcassets */; };
		EC2F8F3F837B4F9154CB3637 /* QuickUnlock.swift in Sources */ = {isa = PBXBuildFile; fileRef = 1835E8741DBB19503E6334A1 /* QuickUnlock.swift */; };
		F02017A9DEDB594FB4F87FF2 /* alistore-icon.svg in Resources */ = {isa = PBXBuildFile; fileRef = 6B1D32FCA09B1D185D612CA7 /* alistore-icon.svg */; };
		F5420D98BEB7F7E63A8AFCAE /* AliStoreCourierApp.swift in Sources */ = {isa = PBXBuildFile; fileRef = F15BD6DCDD697F081C7D6AF3 /* AliStoreCourierApp.swift */; };
		F7A028D6B8F54E1E0D6756EF /* WaitlistView.swift in Sources */ = {isa = PBXBuildFile; fileRef = 4996F20715B374377C19415D /* WaitlistView.swift */; };
		FA0AB9B3D7316B9DA3538939 /* AliStoreCore.framework in Embed Frameworks */ = {isa = PBXBuildFile; fileRef = 3397795D183792BD78015F89 /* AliStoreCore.framework */; settings = {ATTRIBUTES = (CodeSignOnCopy, RemoveHeadersOnCopy, ); }; };
		FC104A48C85554D4F1B0A1BA /* APIClientTests.swift in Sources */ = {isa = PBXBuildFile; fileRef = 42436819B18857A22AC06504 /* APIClientTests.swift */; };
		FD8E6345CCA48F01DDC039E5 /* Assets.xcassets in Resources */ = {isa = PBXBuildFile; fileRef = 2984688119D5255CF5B06009 /* Assets.xcassets */; };
/* End PBXBuildFile section */

/* Begin PBXContainerItemProxy section */
		074F76269C2BA59CB22450E3 /* PBXContainerItemProxy */ = {
			isa = PBXContainerItemProxy;
			containerPortal = CB2BE8DFF4C369828C62B817 /* Project object */;
			proxyType = 1;
			remoteGlobalIDString = CA8BF2CD39686C821BDE5345;
			remoteInfo = AliStoreCore;
		};
		1E1D4563B2376A920E849819 /* PBXContainerItemProxy */ = {
			isa = PBXContainerItemProxy;
			containerPortal = CB2BE8DFF4C369828C62B817 /* Project object */;
			proxyType = 1;
			remoteGlobalIDString = CA8BF2CD39686C821BDE5345;
			remoteInfo = AliStoreCore;
		};
		3718E4F1A1661860D242E9A6 /* PBXContainerItemProxy */ = {
			isa = PBXContainerItemProxy;
			containerPortal = CB2BE8DFF4C369828C62B817 /* Project object */;
			proxyType = 1;
			remoteGlobalIDString = 72054852527678365D2752CC;
			remoteInfo = AliStoreCourier;
		};
		73AED76557330A995F4052B5 /* PBXContainerItemProxy */ = {
			isa = PBXContainerItemProxy;
			containerPortal = CB2BE8DFF4C369828C62B817 /* Project object */;
			proxyType = 1;
			remoteGlobalIDString = A363FAEC848E9A2E1504F4F1;
			remoteInfo = AliStoreStaff;
		};
		85C7B61B68AD63E7CA9CE9B6 /* PBXContainerItemProxy */ = {
			isa = PBXContainerItemProxy;
			containerPortal = CB2BE8DFF4C369828C62B817 /* Project object */;
			proxyType = 1;
			remoteGlobalIDString = CA8BF2CD39686C821BDE5345;
			remoteInfo = AliStoreCore;
		};
		9959E8D0EBAF81C048A63D2D /* PBXContainerItemProxy */ = {
			isa = PBXContainerItemProxy;
			containerPortal = CB2BE8DFF4C369828C62B817 /* Project object */;
			proxyType = 1;
			remoteGlobalIDString = 2443E875BF45E22BBB848960;
			remoteInfo = AliStoreClient;
		};
		A35D5F7D6213D19D9F199A39 /* PBXContainerItemProxy */ = {
			isa = PBXContainerItemProxy;
			containerPortal = CB2BE8DFF4C369828C62B817 /* Project object */;
			proxyType = 1;
			remoteGlobalIDString = CA8BF2CD39686C821BDE5345;
			remoteInfo = AliStoreCore;
		};
		ADA49E244511041A39BAA24D /* PBXContainerItemProxy */ = {
			isa = PBXContainerItemProxy;
			containerPortal = CB2BE8DFF4C369828C62B817 /* Project object */;
			proxyType = 1;
			remoteGlobalIDString = DC8CC0056CE6295039B84B22;
			remoteInfo = AliStorePOS;
		};
		B2859D65C78ECD058C961930 /* PBXContainerItemProxy */ = {
			isa = PBXContainerItemProxy;
			containerPortal = CB2BE8DFF4C369828C62B817 /* Project object */;
			proxyType = 1;
			remoteGlobalIDString = CA8BF2CD39686C821BDE5345;
			remoteInfo = AliStoreCore;
		};
/* End PBXContainerItemProxy section */

/* Begin PBXCopyFilesBuildPhase section */
		3D779579474E099128206EBF /* Embed Frameworks */ = {
			isa = PBXCopyFilesBuildPhase;
			buildActionMask = 2147483647;
			dstPath = "";
			dstSubfolderSpec = 10;
			files = (
				FA0AB9B3D7316B9DA3538939 /* AliStoreCore.framework in Embed Frameworks */,
			);
			name = "Embed Frameworks";
			runOnlyForDeploymentPostprocessing = 0;
		};
		5520EFDBB144DF693FA49EA8 /* Embed Frameworks */ = {
			isa = PBXCopyFilesBuildPhase;
			buildActionMask = 2147483647;
			dstPath = "";
			dstSubfolderSpec = 10;
			files = (
				3C122434725480BD6FD225EF /* AliStoreCore.framework in Embed Frameworks */,
			);
			name = "Embed Frameworks";
			runOnlyForDeploymentPostprocessing = 0;
		};
		562D47FA3544BB4AD03928E6 /* Embed Frameworks */ = {
			isa = PBXCopyFilesBuildPhase;
			buildActionMask = 2147483647;
			dstPath = "";
			dstSubfolderSpec = 10;
			files = (
				E4AFBA9E7AA4F56F3FB28A7E /* AliStoreCore.framework in Embed Frameworks */,
			);
			name = "Embed Frameworks";
			runOnlyForDeploymentPostprocessing = 0;
		};
		6D2BA5158165A16AC72A4850 /* Embed Frameworks */ = {
			isa = PBXCopyFilesBuildPhase;
			buildActionMask = 2147483647;
			dstPath = "";
			dstSubfolderSpec = 10;
			files = (
				01C9B58409FE5FF2AA3F5A3E /* AliStoreCore.framework in Embed Frameworks */,
			);
			name = "Embed Frameworks";
			runOnlyForDeploymentPostprocessing = 0;
		};
		CDD1189B856203D300AE4AE9 /* Embed Frameworks */ = {
			isa = PBXCopyFilesBuildPhase;
			buildActionMask = 2147483647;
			dstPath = "";
			dstSubfolderSpec = 10;
			files = (
				189C03F1DEAE49BBDFDDDA40 /* AliStoreCore.framework in Embed Frameworks */,
			);
			name = "Embed Frameworks";
			runOnlyForDeploymentPostprocessing = 0;
		};
/* End PBXCopyFilesBuildPhase section */

/* Begin PBXFileReference section */
		04AAB6220384C05861A21153 /* NativeShell.swift */ = {isa = PBXFileReference; lastKnownFileType = sourcecode.swift; path = NativeShell.swift; sourceTree = "<group>"; };
		0D52D0200FC74225D8DA7907 /* Assets.xcassets */ = {isa = PBXFileReference; lastKnownFileType = folder.assetcatalog; path = Assets.xcassets; sourceTree = "<group>"; };
		11F23ACBE05CF3A0E1499E0B /* APIClient.swift */ = {isa = PBXFileReference; lastKnownFileType = sourcecode.swift; path = APIClient.swift; sourceTree = "<group>"; };
		13A9A1766E34065A9DE2EE32 /* Courier.entitlements */ = {isa = PBXFileReference; lastKnownFileType = text.plist.entitlements; path = Courier.entitlements; sourceTree = "<group>"; };
		13DAD8839BC2E93CE723B455 /* OrderTimelineContractTests.swift */ = {isa = PBXFileReference; lastKnownFileType = sourcecode.swift; path = OrderTimelineContractTests.swift; sourceTree = "<group>"; };
		14D9ECDFDBC25D5BACF48D03 /* ReferralView.swift */ = {isa = PBXFileReference; lastKnownFileType = sourcecode.swift; path = ReferralView.swift; sourceTree = "<group>"; };
		1835E8741DBB19503E6334A1 /* QuickUnlock.swift */ = {isa = PBXFileReference; lastKnownFileType = sourcecode.swift; path = QuickUnlock.swift; sourceTree = "<group>"; };
		1897622CBA172469A7099983 /* Info.plist */ = {isa = PBXFileReference; lastKnownFileType = text.plist; path = Info.plist; sourceTree = "<group>"; };
		20417BD43EE34AC2EEC2DE55 /* CustomerMeContractTests.swift */ = {isa = PBXFileReference; lastKnownFileType = sourcecode.swift; path = CustomerMeContractTests.swift; sourceTree = "<group>"; };
		23A77B6766DDA30B601B2B75 /* POSReturnFlowTests.swift */ = {isa = PBXFileReference; lastKnownFileType = sourcecode.swift; path = POSReturnFlowTests.swift; sourceTree = "<group>"; };
		242B1D211D250E4D9D64635B /* OFL-JetBrainsMono.txt */ = {isa = PBXFileReference; lastKnownFileType = text; path = "OFL-JetBrainsMono.txt"; sourceTree = "<group>"; };
		2962E44FB9BB3C792A4757AC /* GolosText-Regular.ttf */ = {isa = PBXFileReference; lastKnownFileType = file; path = "GolosText-Regular.ttf"; sourceTree = "<group>"; };
		2984688119D5255CF5B06009 /* Assets.xcassets */ = {isa = PBXFileReference; lastKnownFileType = folder.assetcatalog; path = Assets.xcassets; sourceTree = "<group>"; };
		2A617D85C85DD435B687E350 /* StaffLoginView.swift */ = {isa = PBXFileReference; lastKnownFileType = sourcecode.swift; path = StaffLoginView.swift; sourceTree = "<group>"; };
		2BEAEC396827506007C9829E /* Info.plist */ = {isa = PBXFileReference; lastKnownFileType = text.plist; path = Info.plist; sourceTree = "<group>"; };
		2CD07CA19B272D575A7C4E3D /* Assets.xcassets */ = {isa = PBXFileReference; lastKnownFileType = folder.assetcatalog; path = Assets.xcassets; sourceTree = "<group>"; };
		2D17FA3900F6A16DD7BA9C62 /* JetBrainsMono-Regular.ttf */ = {isa = PBXFileReference; lastKnownFileType = file; path = "JetBrainsMono-Regular.ttf"; sourceTree = "<group>"; };
		2DB79FB18FA1D1C4C93EED5C /* OFL-GolosText.txt */ = {isa = PBXFileReference; lastKnownFileType = text; path = "OFL-GolosText.txt"; sourceTree = "<group>"; };
		2E66E9C42511A1AB67627F0E /* Design3.swift */ = {isa = PBXFileReference; lastKnownFileType = sourcecode.swift; path = Design3.swift; sourceTree = "<group>"; };
		304D36F0FCB733F1FA319FFE /* CourierOperationsView.swift */ = {isa = PBXFileReference; lastKnownFileType = sourcecode.swift; path = CourierOperationsView.swift; sourceTree = "<group>"; };
		3397795D183792BD78015F89 /* AliStoreCore.framework */ = {isa = PBXFileReference; explicitFileType = wrapper.framework; includeInIndex = 0; path = AliStoreCore.framework; sourceTree = BUILT_PRODUCTS_DIR; };
		34EA386491279732C58F06E5 /* PrivacyInfo.xcprivacy */ = {isa = PBXFileReference; path = PrivacyInfo.xcprivacy; sourceTree = "<group>"; };
		3AB2DF87CCB8F267C3EFB6B1 /* PrivacyInfo.xcprivacy */ = {isa = PBXFileReference; path = PrivacyInfo.xcprivacy; sourceTree = "<group>"; };
		3C549DC007F324FA3CD14173 /* SecureTokenStore.swift */ = {isa = PBXFileReference; lastKnownFileType = sourcecode.swift; path = SecureTokenStore.swift; sourceTree = "<group>"; };
		3DDD9376D59012178E0570F2 /* StaffScannerView.swift */ = {isa = PBXFileReference; lastKnownFileType = sourcecode.swift; path = StaffScannerView.swift; sourceTree = "<group>"; };
		4138BDA48D595174DC088C57 /* Manrope-ExtraBold.ttf */ = {isa = PBXFileReference; lastKnownFileType = file; path = "Manrope-ExtraBold.ttf"; sourceTree = "<group>"; };
		41DB2C73385C8B88CC17B5CA /* AliStoreClientApp.swift */ = {isa = PBXFileReference; lastKnownFileType = sourcecode.swift; path = AliStoreClientApp.swift; sourceTree = "<group>"; };
		42436819B18857A22AC06504 /* APIClientTests.swift */ = {isa = PBXFileReference; lastKnownFileType = sourcecode.swift; path = APIClientTests.swift; sourceTree = "<group>"; };
		42BC4CE3DCC041CF32038A86 /* QuickUnlockTests.swift */ = {isa = PBXFileReference; lastKnownFileType = sourcecode.swift; path = QuickUnlockTests.swift; sourceTree = "<group>"; };
		48457E88937519CA203EA7DE /* Info.plist */ = {isa = PBXFileReference; lastKnownFileType = text.plist; path = Info.plist; sourceTree = "<group>"; };
		4996F20715B374377C19415D /* WaitlistView.swift */ = {isa = PBXFileReference; lastKnownFileType = sourcecode.swift; path = WaitlistView.swift; sourceTree = "<group>"; };
		4B87620B30BD0C4257DDBEE1 /* JetBrainsMono-Medium.ttf */ = {isa = PBXFileReference; lastKnownFileType = file; path = "JetBrainsMono-Medium.ttf"; sourceTree = "<group>"; };
		524C0236048CC4F9188201E1 /* AliStoreCourier.app */ = {isa = PBXFileReference; includeInIndex = 0; lastKnownFileType = wrapper.application; path = AliStoreCourier.app; sourceTree = BUILT_PRODUCTS_DIR; };
		557B30E507B5DA9C404D290C /* AliStorePOSUITests.xctest */ = {isa = PBXFileReference; includeInIndex = 0; lastKnownFileType = wrapper.cfbundle; path = AliStorePOSUITests.xctest; sourceTree = BUILT_PRODUCTS_DIR; };
		599A4AFDBA80DE5C617B96C9 /* AliStoreCourierUITests.xctest */ = {isa = PBXFileReference; includeInIndex = 0; lastKnownFileType = wrapper.cfbundle; path = AliStoreCourierUITests.xctest; sourceTree = BUILT_PRODUCTS_DIR; };
		5C0BEDD4335D0148387D8CCA /* Manrope-Medium.ttf */ = {isa = PBXFileReference; lastKnownFileType = file; path = "Manrope-Medium.ttf"; sourceTree = "<group>"; };
		5D95C4B497368547545CF2AB /* StoriesViewer.swift */ = {isa = PBXFileReference; lastKnownFileType = sourcecode.swift; path = StoriesViewer.swift; sourceTree = "<group>"; };
		6361088297362FC977D53407 /* Design3Primitives.swift */ = {isa = PBXFileReference; lastKnownFileType = sourcecode.swift; path = Design3Primitives.swift; sourceTree = "<group>"; };
		6383E95E61180D3B14C31526 /* SystemStatesView.swift */ = {isa = PBXFileReference; lastKnownFileType = sourcecode.swift; path = SystemStatesView.swift; sourceTree = "<group>"; };
		6B1D32FCA09B1D185D612CA7 /* alistore-icon.svg */ = {isa = PBXFileReference; path = "alistore-icon.svg"; sourceTree = "<group>"; };
		7033BA33B1C79C598D5B3331 /* CustomerAuthStore.swift */ = {isa = PBXFileReference; lastKnownFileType = sourcecode.swift; path = CustomerAuthStore.swift; sourceTree = "<group>"; };
		71A1CBC09633E9E221DC03E3 /* InstallmentView.swift */ = {isa = PBXFileReference; lastKnownFileType = sourcecode.swift; path = InstallmentView.swift; sourceTree = "<group>"; };
		72CCB230F61743790D08A7C6 /* POSOperationsView.swift */ = {isa = PBXFileReference; lastKnownFileType = sourcecode.swift; path = POSOperationsView.swift; sourceTree = "<group>"; };
		739B68D254BC1DE9AB4F5022 /* GolosText-Bold.ttf */ = {isa = PBXFileReference; lastKnownFileType = file; path = "GolosText-Bold.ttf"; sourceTree = "<group>"; };
		7596CAED282254008F7309B8 /* StaffWorkView.swift */ = {isa = PBXFileReference; lastKnownFileType = sourcecode.swift; path = StaffWorkView.swift; sourceTree = "<group>"; };
		75FA9A6B569FE2E36871089D /* PrivacyInfo.xcprivacy */ = {isa = PBXFileReference; path = PrivacyInfo.xcprivacy; sourceTree = "<group>"; };
		7B1EBE9146CA6573C91B73B8 /* AliStoreStaffUITests.xctest */ = {isa = PBXFileReference; includeInIndex = 0; lastKnownFileType = wrapper.cfbundle; path = AliStoreStaffUITests.xctest; sourceTree = BUILT_PRODUCTS_DIR; };
		7B78FB9F31AB637DD6A02A77 /* AliStorePOS.app */ = {isa = PBXFileReference; includeInIndex = 0; lastKnownFileType = wrapper.application; path = AliStorePOS.app; sourceTree = BUILT_PRODUCTS_DIR; };
		7F3BF5A1B6E49634345025FF /* AliStoreClientUITests.xctest */ = {isa = PBXFileReference; includeInIndex = 0; lastKnownFileType = wrapper.cfbundle; path = AliStoreClientUITests.xctest; sourceTree = BUILT_PRODUCTS_DIR; };
		7FED3419B6DC2FCCAA39BBA1 /* AppEnvironment.swift */ = {isa = PBXFileReference; lastKnownFileType = sourcecode.swift; path = AppEnvironment.swift; sourceTree = "<group>"; };
		81DBFF266CD05AAAB7F03841 /* Manrope-Regular.ttf */ = {isa = PBXFileReference; lastKnownFileType = file; path = "Manrope-Regular.ttf"; sourceTree = "<group>"; };
		82C7F7335AA46910CF656B72 /* POSSaleView.swift */ = {isa = PBXFileReference; lastKnownFileType = sourcecode.swift; path = POSSaleView.swift; sourceTree = "<group>"; };
		83830830CE1F5A5EACC1C10A /* AliStoreCoreTests.xctest */ = {isa = PBXFileReference; includeInIndex = 0; lastKnownFileType = wrapper.cfbundle; path = AliStoreCoreTests.xctest; sourceTree = BUILT_PRODUCTS_DIR; };
		85E2CA210C5423F5C9A6CBED /* GolosText-Medium.ttf */ = {isa = PBXFileReference; lastKnownFileType = file; path = "GolosText-Medium.ttf"; sourceTree = "<group>"; };
		8A5A549F226050ACB113FF4E /* OfflineQueue.swift */ = {isa = PBXFileReference; lastKnownFileType = sourcecode.swift; path = OfflineQueue.swift; sourceTree = "<group>"; };
		8C948B07F1B2BB3F577E75BC /* Client.entitlements */ = {isa = PBXFileReference; lastKnownFileType = text.plist.entitlements; path = Client.entitlements; sourceTree = "<group>"; };
		8F3970931F4839B3C2A168BE /* OrderTrackingView.swift */ = {isa = PBXFileReference; lastKnownFileType = sourcecode.swift; path = OrderTrackingView.swift; sourceTree = "<group>"; };
		915AE89967CFCBBAF37C4FA6 /* StaffAuthStore.swift */ = {isa = PBXFileReference; lastKnownFileType = sourcecode.swift; path = StaffAuthStore.swift; sourceTree = "<group>"; };
		92E45818EA980052BFD297EE /* AliStoreStaffApp.swift */ = {isa = PBXFileReference; lastKnownFileType = sourcecode.swift; path = AliStoreStaffApp.swift; sourceTree = "<group>"; };
		942E788E79F852B2161181F9 /* Info.plist */ = {isa = PBXFileReference; lastKnownFileType = text.plist; path = Info.plist; sourceTree = "<group>"; };
		9576E77974E52F36135B72C9 /* AliStoreCourierUITests.swift */ = {isa = PBXFileReference; lastKnownFileType = sourcecode.swift; path = AliStoreCourierUITests.swift; sourceTree = "<group>"; };
		98164133D41CBD85293AD716 /* SupportChatView.swift */ = {isa = PBXFileReference; lastKnownFileType = sourcecode.swift; path = SupportChatView.swift; sourceTree = "<group>"; };
		9D066758EACE85A38D074A58 /* AliStorePOSApp.swift */ = {isa = PBXFileReference; lastKnownFileType = sourcecode.swift; path = AliStorePOSApp.swift; sourceTree = "<group>"; };
		9DB95C7AEDD106535B4EE886 /* Assets.xcassets */ = {isa = PBXFileReference; lastKnownFileType = folder.assetcatalog; path = Assets.xcassets; sourceTree = "<group>"; };
		A1F688B97A87EDB7D63096C5 /* Manrope-Bold.ttf */ = {isa = PBXFileReference; lastKnownFileType = file; path = "Manrope-Bold.ttf"; sourceTree = "<group>"; };
		A7DA82D99B1EEA4943E5783E /* AliStorePOSUITests.swift */ = {isa = PBXFileReference; lastKnownFileType = sourcecode.swift; path = AliStorePOSUITests.swift; sourceTree = "<group>"; };
		A9EBC4D5C06A5630E3B7D69D /* Models.swift */ = {isa = PBXFileReference; lastKnownFileType = sourcecode.swift; path = Models.swift; sourceTree = "<group>"; };
		AAB7EC94315C8CB6A45D9EDF /* POS.entitlements */ = {isa = PBXFileReference; lastKnownFileType = text.plist.entitlements; path = POS.entitlements; sourceTree = "<group>"; };
		AC23CE2CEBF8FDAB7934A8FE /* Staff.entitlements */ = {isa = PBXFileReference; lastKnownFileType = text.plist.entitlements; path = Staff.entitlements; sourceTree = "<group>"; };
		AE157FE93CD516D1CBF400CF /* PrivacyInfo.xcprivacy */ = {isa = PBXFileReference; path = PrivacyInfo.xcprivacy; sourceTree = "<group>"; };
		B0A2FC533C51FAD384EC7235 /* AliStoreStaff.app */ = {isa = PBXFileReference; includeInIndex = 0; lastKnownFileType = wrapper.application; path = AliStoreStaff.app; sourceTree = BUILT_PRODUCTS_DIR; };
		B71555FF8DD0A3CC48463326 /* AliStoreStaffUITests.swift */ = {isa = PBXFileReference; lastKnownFileType = sourcecode.swift; path = AliStoreStaffUITests.swift; sourceTree = "<group>"; };
		C348479F602D4264A6697DC8 /* SmartSearch.swift */ = {isa = PBXFileReference; lastKnownFileType = sourcecode.swift; path = SmartSearch.swift; sourceTree = "<group>"; };
		C3F7212CC5C320036F7B6C43 /* AliStoreClient.app */ = {isa = PBXFileReference; includeInIndex = 0; lastKnownFileType = wrapper.application; path = AliStoreClient.app; sourceTree = BUILT_PRODUCTS_DIR; };
		C8FDD439193A401CC80D4A41 /* CheckoutContractTests.swift */ = {isa = PBXFileReference; lastKnownFileType = sourcecode.swift; path = CheckoutContractTests.swift; sourceTree = "<group>"; };
		CCD8D652B4837DE56B9A3CA3 /* AliStoreClientUITests.swift */ = {isa = PBXFileReference; lastKnownFileType = sourcecode.swift; path = AliStoreClientUITests.swift; sourceTree = "<group>"; };
		CD7187EA0C9EF4F8DA4016FE /* POSReturnFlow.swift */ = {isa = PBXFileReference; lastKnownFileType = sourcecode.swift; path = POSReturnFlow.swift; sourceTree = "<group>"; };
		DBC38565DF1A732BD3F92A67 /* Manrope-SemiBold.ttf */ = {isa = PBXFileReference; lastKnownFileType = file; path = "Manrope-SemiBold.ttf"; sourceTree = "<group>"; };
		DDA937EE43556002834E5E61 /* GolosText-SemiBold.ttf */ = {isa = PBXFileReference; lastKnownFileType = file; path = "GolosText-SemiBold.ttf"; sourceTree = "<group>"; };
		E3930B564A069DBB66A1EF6E /* Assets.xcassets */ = {isa = PBXFileReference; lastKnownFileType = folder.assetcatalog; path = Assets.xcassets; sourceTree = "<group>"; };
		E5C4B9BAAE039961AFE73B38 /* PrivacyInfo.xcprivacy */ = {isa = PBXFileReference; path = PrivacyInfo.xcprivacy; sourceTree = "<group>"; };
		EF6D9D9A15F0C3427BE89C36 /* UITestBootstrap.swift */ = {isa = PBXFileReference; lastKnownFileType = sourcecode.swift; path = UITestBootstrap.swift; sourceTree = "<group>"; };
		F15BD6DCDD697F081C7D6AF3 /* AliStoreCourierApp.swift */ = {isa = PBXFileReference; lastKnownFileType = sourcecode.swift; path = AliStoreCourierApp.swift; sourceTree = "<group>"; };
		F17D6035DF91395FA9C419FE /* OFL-Manrope.txt */ = {isa = PBXFileReference; lastKnownFileType = text; path = "OFL-Manrope.txt"; sourceTree = "<group>"; };
		F8492CB93F0DA4FC652D7AA7 /* ClientDebugFeature.swift */ = {isa = PBXFileReference; lastKnownFileType = sourcecode.swift; path = ClientDebugFeature.swift; sourceTree = "<group>"; };
/* End PBXFileReference section */

/* Begin PBXFrameworksBuildPhase section */
		213C24D8A5A56CCCADC3BB14 /* Frameworks */ = {
			isa = PBXFrameworksBuildPhase;
			buildActionMask = 2147483647;
			files = (
				478D1BA4ECEEE8573B9C8190 /* AliStoreCore.framework in Frameworks */,
			);
			runOnlyForDeploymentPostprocessing = 0;
		};
		4B28F15B77DC83EA0AEE4519 /* Frameworks */ = {
			isa = PBXFrameworksBuildPhase;
			buildActionMask = 2147483647;
			files = (
				B92D85D26242A0D8F65E1A52 /* AliStoreCore.framework in Frameworks */,
			);
			runOnlyForDeploymentPostprocessing = 0;
		};
		BC15B8EDBA4BC6C1A914037F /* Frameworks */ = {
			isa = PBXFrameworksBuildPhase;
			buildActionMask = 2147483647;
			files = (
				247D979D2B6ABCFDFDA09A5C /* AliStoreCore.framework in Frameworks */,
			);
			runOnlyForDeploymentPostprocessing = 0;
		};
		E88CC460372D3C37D2E64CAB /* Frameworks */ = {
			isa = PBXFrameworksBuildPhase;
			buildActionMask = 2147483647;
			files = (
				8DD0417F646F1BEC0FF7830A /* AliStoreCore.framework in Frameworks */,
			);
			runOnlyForDeploymentPostprocessing = 0;
		};
		FC4360CF959C9BF3C1897FE0 /* Frameworks */ = {
			isa = PBXFrameworksBuildPhase;
			buildActionMask = 2147483647;
			files = (
				A562636391B66F2B1BED55CA /* AliStoreCore.framework in Frameworks */,
			);
			runOnlyForDeploymentPostprocessing = 0;
		};
/* End PBXFrameworksBuildPhase section */

/* Begin PBXGroup section */
		0C5B852F9D1EE5188942BAA0 /* Shared */ = {
			isa = PBXGroup;
			children = (
				11F23ACBE05CF3A0E1499E0B /* APIClient.swift */,
				7FED3419B6DC2FCCAA39BBA1 /* AppEnvironment.swift */,
				7033BA33B1C79C598D5B3331 /* CustomerAuthStore.swift */,
				2E66E9C42511A1AB67627F0E /* Design3.swift */,
				A9EBC4D5C06A5630E3B7D69D /* Models.swift */,
				04AAB6220384C05861A21153 /* NativeShell.swift */,
				8A5A549F226050ACB113FF4E /* OfflineQueue.swift */,
				CD7187EA0C9EF4F8DA4016FE /* POSReturnFlow.swift */,
				3AB2DF87CCB8F267C3EFB6B1 /* PrivacyInfo.xcprivacy */,
				1835E8741DBB19503E6334A1 /* QuickUnlock.swift */,
				3C549DC007F324FA3CD14173 /* SecureTokenStore.swift */,
				915AE89967CFCBBAF37C4FA6 /* StaffAuthStore.swift */,
				2A617D85C85DD435B687E350 /* StaffLoginView.swift */,
				EF6D9D9A15F0C3427BE89C36 /* UITestBootstrap.swift */,
			);
			path = Shared;
			sourceTree = "<group>";
		};
		0CA3A7A71EC8900FC09389B5 /* Branding */ = {
			isa = PBXGroup;
			children = (
				6B1D32FCA09B1D185D612CA7 /* alistore-icon.svg */,
				2984688119D5255CF5B06009 /* Assets.xcassets */,
			);
			path = Branding;
			sourceTree = "<group>";
		};
		1BB465B1D36CFDB9F5FF6922 /* Staff */ = {
			isa = PBXGroup;
			children = (
				92E45818EA980052BFD297EE /* AliStoreStaffApp.swift */,
				0D52D0200FC74225D8DA7907 /* Assets.xcassets */,
				942E788E79F852B2161181F9 /* Info.plist */,
				AE157FE93CD516D1CBF400CF /* PrivacyInfo.xcprivacy */,
				AC23CE2CEBF8FDAB7934A8FE /* Staff.entitlements */,
				3DDD9376D59012178E0570F2 /* StaffScannerView.swift */,
				7596CAED282254008F7309B8 /* StaffWorkView.swift */,
			);
			path = Staff;
			sourceTree = "<group>";
		};
		1E3305AE1F101B36F90EE541 /* Client */ = {
			isa = PBXGroup;
			children = (
				CCD8D652B4837DE56B9A3CA3 /* AliStoreClientUITests.swift */,
			);
			name = Client;
			path = UITests/Client;
			sourceTree = "<group>";
		};
		25D3C5F5B5BD8E2A5102B456 /* Fonts */ = {
			isa = PBXGroup;
			children = (
				739B68D254BC1DE9AB4F5022 /* GolosText-Bold.ttf */,
				85E2CA210C5423F5C9A6CBED /* GolosText-Medium.ttf */,
				2962E44FB9BB3C792A4757AC /* GolosText-Regular.ttf */,
				DDA937EE43556002834E5E61 /* GolosText-SemiBold.ttf */,
				4B87620B30BD0C4257DDBEE1 /* JetBrainsMono-Medium.ttf */,
				2D17FA3900F6A16DD7BA9C62 /* JetBrainsMono-Regular.ttf */,
				A1F688B97A87EDB7D63096C5 /* Manrope-Bold.ttf */,
				4138BDA48D595174DC088C57 /* Manrope-ExtraBold.ttf */,
				5C0BEDD4335D0148387D8CCA /* Manrope-Medium.ttf */,
				81DBFF266CD05AAAB7F03841 /* Manrope-Regular.ttf */,
				DBC38565DF1A732BD3F92A67 /* Manrope-SemiBold.ttf */,
				2DB79FB18FA1D1C4C93EED5C /* OFL-GolosText.txt */,
				242B1D211D250E4D9D64635B /* OFL-JetBrainsMono.txt */,
				F17D6035DF91395FA9C419FE /* OFL-Manrope.txt */,
			);
			path = Fonts;
			sourceTree = "<group>";
		};
		29CB0946D745BDD994C57D0E /* POS */ = {
			isa = PBXGroup;
			children = (
				9D066758EACE85A38D074A58 /* AliStorePOSApp.swift */,
				2CD07CA19B272D575A7C4E3D /* Assets.xcassets */,
				2BEAEC396827506007C9829E /* Info.plist */,
				AAB7EC94315C8CB6A45D9EDF /* POS.entitlements */,
				72CCB230F61743790D08A7C6 /* POSOperationsView.swift */,
				82C7F7335AA46910CF656B72 /* POSSaleView.swift */,
				E5C4B9BAAE039961AFE73B38 /* PrivacyInfo.xcprivacy */,
			);
			path = POS;
			sourceTree = "<group>";
		};
		30160F294B75A406B6360903 /* Courier */ = {
			isa = PBXGroup;
			children = (
				F15BD6DCDD697F081C7D6AF3 /* AliStoreCourierApp.swift */,
				9DB95C7AEDD106535B4EE886 /* Assets.xcassets */,
				13A9A1766E34065A9DE2EE32 /* Courier.entitlements */,
				304D36F0FCB733F1FA319FFE /* CourierOperationsView.swift */,
				1897622CBA172469A7099983 /* Info.plist */,
				75FA9A6B569FE2E36871089D /* PrivacyInfo.xcprivacy */,
			);
			path = Courier;
			sourceTree = "<group>";
		};
		51D2E84E9DBB0C23DFA4DD5C /* Resources */ = {
			isa = PBXGroup;
			children = (
				25D3C5F5B5BD8E2A5102B456 /* Fonts */,
			);
			path = Resources;
			sourceTree = "<group>";
		};
		62642BFF471DBC6589C5F93D = {
			isa = PBXGroup;
			children = (
				0CA3A7A71EC8900FC09389B5 /* Branding */,
				AFE690C0BC04797125C4CBEF /* Client */,
				1E3305AE1F101B36F90EE541 /* Client */,
				30160F294B75A406B6360903 /* Courier */,
				95AE28122B34FF4703842A38 /* Courier */,
				29CB0946D745BDD994C57D0E /* POS */,
				7370DE16A39530E37069267B /* POS */,
				0C5B852F9D1EE5188942BAA0 /* Shared */,
				1BB465B1D36CFDB9F5FF6922 /* Staff */,
				D818FBCBD977BA2365A777E2 /* Staff */,
				DEA3F994B811795AA50AEFDB /* Tests */,
				88AE5FDBFD9B360957B0229C /* Products */,
			);
			sourceTree = "<group>";
		};
		7370DE16A39530E37069267B /* POS */ = {
			isa = PBXGroup;
			children = (
				A7DA82D99B1EEA4943E5783E /* AliStorePOSUITests.swift */,
			);
			name = POS;
			path = UITests/POS;
			sourceTree = "<group>";
		};
		88AE5FDBFD9B360957B0229C /* Products */ = {
			isa = PBXGroup;
			children = (
				C3F7212CC5C320036F7B6C43 /* AliStoreClient.app */,
				7F3BF5A1B6E49634345025FF /* AliStoreClientUITests.xctest */,
				3397795D183792BD78015F89 /* AliStoreCore.framework */,
				83830830CE1F5A5EACC1C10A /* AliStoreCoreTests.xctest */,
				524C0236048CC4F9188201E1 /* AliStoreCourier.app */,
				599A4AFDBA80DE5C617B96C9 /* AliStoreCourierUITests.xctest */,
				7B78FB9F31AB637DD6A02A77 /* AliStorePOS.app */,
				557B30E507B5DA9C404D290C /* AliStorePOSUITests.xctest */,
				B0A2FC533C51FAD384EC7235 /* AliStoreStaff.app */,
				7B1EBE9146CA6573C91B73B8 /* AliStoreStaffUITests.xctest */,
			);
			name = Products;
			sourceTree = "<group>";
		};
		931FC96B7A8A0ACAFF010B8D /* DesignSystem */ = {
			isa = PBXGroup;
			children = (
				6361088297362FC977D53407 /* Design3Primitives.swift */,
			);
			path = DesignSystem;
			sourceTree = "<group>";
		};
		95AE28122B34FF4703842A38 /* Courier */ = {
			isa = PBXGroup;
			children = (
				9576E77974E52F36135B72C9 /* AliStoreCourierUITests.swift */,
			);
			name = Courier;
			path = UITests/Courier;
			sourceTree = "<group>";
		};
		A9A241BA35D4CD6B1FEF8B74 /* Features */ = {
			isa = PBXGroup;
			children = (
				F8492CB93F0DA4FC652D7AA7 /* ClientDebugFeature.swift */,
				71A1CBC09633E9E221DC03E3 /* InstallmentView.swift */,
				8F3970931F4839B3C2A168BE /* OrderTrackingView.swift */,
				14D9ECDFDBC25D5BACF48D03 /* ReferralView.swift */,
				C348479F602D4264A6697DC8 /* SmartSearch.swift */,
				5D95C4B497368547545CF2AB /* StoriesViewer.swift */,
				98164133D41CBD85293AD716 /* SupportChatView.swift */,
				6383E95E61180D3B14C31526 /* SystemStatesView.swift */,
				4996F20715B374377C19415D /* WaitlistView.swift */,
			);
			path = Features;
			sourceTree = "<group>";
		};
		AFE690C0BC04797125C4CBEF /* Client */ = {
			isa = PBXGroup;
			children = (
				41DB2C73385C8B88CC17B5CA /* AliStoreClientApp.swift */,
				E3930B564A069DBB66A1EF6E /* Assets.xcassets */,
				8C948B07F1B2BB3F577E75BC /* Client.entitlements */,
				48457E88937519CA203EA7DE /* Info.plist */,
				34EA386491279732C58F06E5 /* PrivacyInfo.xcprivacy */,
				931FC96B7A8A0ACAFF010B8D /* DesignSystem */,
				A9A241BA35D4CD6B1FEF8B74 /* Features */,
				51D2E84E9DBB0C23DFA4DD5C /* Resources */,
			);
			path = Client;
			sourceTree = "<group>";
		};
		D818FBCBD977BA2365A777E2 /* Staff */ = {
			isa = PBXGroup;
			children = (
				B71555FF8DD0A3CC48463326 /* AliStoreStaffUITests.swift */,
			);
			name = Staff;
			path = UITests/Staff;
			sourceTree = "<group>";
		};
		DEA3F994B811795AA50AEFDB /* Tests */ = {
			isa = PBXGroup;
			children = (
				42436819B18857A22AC06504 /* APIClientTests.swift */,
				C8FDD439193A401CC80D4A41 /* CheckoutContractTests.swift */,
				20417BD43EE34AC2EEC2DE55 /* CustomerMeContractTests.swift */,
				13DAD8839BC2E93CE723B455 /* OrderTimelineContractTests.swift */,
				23A77B6766DDA30B601B2B75 /* POSReturnFlowTests.swift */,
				42BC4CE3DCC041CF32038A86 /* QuickUnlockTests.swift */,
			);
			path = Tests;
			sourceTree = "<group>";
		};
/* End PBXGroup section */

/* Begin PBXNativeTarget section */
		0A264A93E783C619ED392423 /* AliStoreCourierUITests */ = {
			isa = PBXNativeTarget;
			buildConfigurationList = 3114AF0DCBBD1E7CCA323D81 /* Build configuration list for PBXNativeTarget "AliStoreCourierUITests" */;
			buildPhases = (
				B886035F2B9FD059186A7EAF /* Sources */,
			);
			buildRules = (
			);
			dependencies = (
				314AE80E160828DD1D82958B /* PBXTargetDependency */,
			);
			name = AliStoreCourierUITests;
			packageProductDependencies = (
			);
			productName = AliStoreCourierUITests;
			productReference = 599A4AFDBA80DE5C617B96C9 /* AliStoreCourierUITests.xctest */;
			productType = "com.apple.product-type.bundle.ui-testing";
		};
		1A61F1A30DE64F6262D665D1 /* AliStoreClientUITests */ = {
			isa = PBXNativeTarget;
			buildConfigurationList = 19FF51B4BCC6A7ACDAA4591B /* Build configuration list for PBXNativeTarget "AliStoreClientUITests" */;
			buildPhases = (
				FFB501B79328CC03566E2E4A /* Sources */,
			);
			buildRules = (
			);
			dependencies = (
				406D474EF89CE0BA1EF93041 /* PBXTargetDependency */,
			);
			name = AliStoreClientUITests;
			packageProductDependencies = (
			);
			productName = AliStoreClientUITests;
			productReference = 7F3BF5A1B6E49634345025FF /* AliStoreClientUITests.xctest */;
			productType = "com.apple.product-type.bundle.ui-testing";
		};
		2443E875BF45E22BBB848960 /* AliStoreClient */ = {
			isa = PBXNativeTarget;
			buildConfigurationList = ABBBAFA58E438391703AA7AC /* Build configuration list for PBXNativeTarget "AliStoreClient" */;
			buildPhases = (
				4D8486CDB47814615512A494 /* Sources */,
				7BBF5A1180968AA4C9C937D7 /* Resources */,
				E88CC460372D3C37D2E64CAB /* Frameworks */,
				3D779579474E099128206EBF /* Embed Frameworks */,
			);
			buildRules = (
			);
			dependencies = (
				94F8E9AB128E28F514F083D4 /* PBXTargetDependency */,
			);
			name = AliStoreClient;
			packageProductDependencies = (
			);
			productName = AliStoreClient;
			productReference = C3F7212CC5C320036F7B6C43 /* AliStoreClient.app */;
			productType = "com.apple.product-type.application";
		};
		6D43053968F49FEF0FAC8594 /* AliStoreStaffUITests */ = {
			isa = PBXNativeTarget;
			buildConfigurationList = 064C663C713384DA75EB5609 /* Build configuration list for PBXNativeTarget "AliStoreStaffUITests" */;
			buildPhases = (
				8B96144BD71ECD845DF4ED44 /* Sources */,
			);
			buildRules = (
			);
			dependencies = (
				FB70000E4523D16C1B669DF0 /* PBXTargetDependency */,
			);
			name = AliStoreStaffUITests;
			packageProductDependencies = (
			);
			productName = AliStoreStaffUITests;
			productReference = 7B1EBE9146CA6573C91B73B8 /* AliStoreStaffUITests.xctest */;
			productType = "com.apple.product-type.bundle.ui-testing";
		};
		72054852527678365D2752CC /* AliStoreCourier */ = {
			isa = PBXNativeTarget;
			buildConfigurationList = 91FC872B723CC0143095C8B1 /* Build configuration list for PBXNativeTarget "AliStoreCourier" */;
			buildPhases = (
				539D3B29BFA12829B33EEA30 /* Sources */,
				D30E1702BA1E655B9AEF2CB0 /* Resources */,
				213C24D8A5A56CCCADC3BB14 /* Frameworks */,
				562D47FA3544BB4AD03928E6 /* Embed Frameworks */,
			);
			buildRules = (
			);
			dependencies = (
				DEB765DF04BE670A232DC18F /* PBXTargetDependency */,
			);
			name = AliStoreCourier;
			packageProductDependencies = (
			);
			productName = AliStoreCourier;
			productReference = 524C0236048CC4F9188201E1 /* AliStoreCourier.app */;
			productType = "com.apple.product-type.application";
		};
		A363FAEC848E9A2E1504F4F1 /* AliStoreStaff */ = {
			isa = PBXNativeTarget;
			buildConfigurationList = B2E1B25443BEB0E157A8E8DD /* Build configuration list for PBXNativeTarget "AliStoreStaff" */;
			buildPhases = (
				1DE12775BCA27DE3EEE707C4 /* Sources */,
				61118C834926619891543954 /* Resources */,
				FC4360CF959C9BF3C1897FE0 /* Frameworks */,
				5520EFDBB144DF693FA49EA8 /* Embed Frameworks */,
			);
			buildRules = (
			);
			dependencies = (
				49BA464E644F8F9B93155CED /* PBXTargetDependency */,
			);
			name = AliStoreStaff;
			packageProductDependencies = (
			);
			productName = AliStoreStaff;
			productReference = B0A2FC533C51FAD384EC7235 /* AliStoreStaff.app */;
			productType = "com.apple.product-type.application";
		};
		BD21F76168637D79959BA6FB /* AliStoreCoreTests */ = {
			isa = PBXNativeTarget;
			buildConfigurationList = 6C690CD044197929F5F9E4DA /* Build configuration list for PBXNativeTarget "AliStoreCoreTests" */;
			buildPhases = (
				B46D93D44AA22409AEEF28FB /* Sources */,
				4B28F15B77DC83EA0AEE4519 /* Frameworks */,
				CDD1189B856203D300AE4AE9 /* Embed Frameworks */,
			);
			buildRules = (
			);
			dependencies = (
				14F13422D7870CE1782D0D22 /* PBXTargetDependency */,
			);
			name = AliStoreCoreTests;
			packageProductDependencies = (
			);
			productName = AliStoreCoreTests;
			productReference = 83830830CE1F5A5EACC1C10A /* AliStoreCoreTests.xctest */;
			productType = "com.apple.product-type.bundle.unit-test";
		};
		C54029E46181F92621A856A3 /* AliStorePOSUITests */ = {
			isa = PBXNativeTarget;
			buildConfigurationList = 937F895BBC1D54A4BCBFD844 /* Build configuration list for PBXNativeTarget "AliStorePOSUITests" */;
			buildPhases = (
				F222B2C0BAA4A4B0CF4AA668 /* Sources */,
			);
			buildRules = (
			);
			dependencies = (
				F05BF6E5229BC9F9162FAF0F /* PBXTargetDependency */,
			);
			name = AliStorePOSUITests;
			packageProductDependencies = (
			);
			productName = AliStorePOSUITests;
			productReference = 557B30E507B5DA9C404D290C /* AliStorePOSUITests.xctest */;
			productType = "com.apple.product-type.bundle.ui-testing";
		};
		CA8BF2CD39686C821BDE5345 /* AliStoreCore */ = {
			isa = PBXNativeTarget;
			buildConfigurationList = 8561EC62D37111A7CE0F4353 /* Build configuration list for PBXNativeTarget "AliStoreCore" */;
			buildPhases = (
				B63ED0FCA8EEF9046820F85A /* Sources */,
				3C93B46EC5B6F88C513514E1 /* Resources */,
			);
			buildRules = (
			);
			dependencies = (
			);
			name = AliStoreCore;
			packageProductDependencies = (
			);
			productName = AliStoreCore;
			productReference = 3397795D183792BD78015F89 /* AliStoreCore.framework */;
			productType = "com.apple.product-type.framework";
		};
		DC8CC0056CE6295039B84B22 /* AliStorePOS */ = {
			isa = PBXNativeTarget;
			buildConfigurationList = 080C24DEE8C0E45FE5C079AD /* Build configuration list for PBXNativeTarget "AliStorePOS" */;
			buildPhases = (
				7932F1F6D0AC11F4E7ACC3FB /* Sources */,
				9C99FE79EF027E2A37FE9981 /* Resources */,
				BC15B8EDBA4BC6C1A914037F /* Frameworks */,
				6D2BA5158165A16AC72A4850 /* Embed Frameworks */,
			);
			buildRules = (
			);
			dependencies = (
				D24788843A16D97FBC38CBDD /* PBXTargetDependency */,
			);
			name = AliStorePOS;
			packageProductDependencies = (
			);
			productName = AliStorePOS;
			productReference = 7B78FB9F31AB637DD6A02A77 /* AliStorePOS.app */;
			productType = "com.apple.product-type.application";
		};
/* End PBXNativeTarget section */

/* Begin PBXProject section */
		CB2BE8DFF4C369828C62B817 /* Project object */ = {
			isa = PBXProject;
			attributes = {
				BuildIndependentTargetsInParallel = YES;
				LastUpgradeCheck = 1430;
				TargetAttributes = {
					0A264A93E783C619ED392423 = {
						DevelopmentTeam = "";
						ProvisioningStyle = Automatic;
						TestTargetID = 72054852527678365D2752CC;
					};
					1A61F1A30DE64F6262D665D1 = {
						DevelopmentTeam = "";
						ProvisioningStyle = Automatic;
						TestTargetID = 2443E875BF45E22BBB848960;
					};
					2443E875BF45E22BBB848960 = {
						DevelopmentTeam = "";
					};
					6D43053968F49FEF0FAC8594 = {
						DevelopmentTeam = "";
						ProvisioningStyle = Automatic;
						TestTargetID = A363FAEC848E9A2E1504F4F1;
					};
					72054852527678365D2752CC = {
						DevelopmentTeam = "";
					};
					A363FAEC848E9A2E1504F4F1 = {
						DevelopmentTeam = "";
					};
					BD21F76168637D79959BA6FB = {
						DevelopmentTeam = "";
						ProvisioningStyle = Automatic;
					};
					C54029E46181F92621A856A3 = {
						DevelopmentTeam = "";
						ProvisioningStyle = Automatic;
						TestTargetID = DC8CC0056CE6295039B84B22;
					};
					CA8BF2CD39686C821BDE5345 = {
						DevelopmentTeam = "";
						ProvisioningStyle = Automatic;
					};
					DC8CC0056CE6295039B84B22 = {
						DevelopmentTeam = "";
					};
				};
			};
			buildConfigurationList = C3AD59F41DFE0078315AFD33 /* Build configuration list for PBXProject "AliStoreNative" */;
			developmentRegion = en;
			hasScannedForEncodings = 0;
			knownRegions = (
				Base,
				en,
			);
			mainGroup = 62642BFF471DBC6589C5F93D;
			minimizedProjectReferenceProxies = 1;
			preferredProjectObjectVersion = 77;
			productRefGroup = 88AE5FDBFD9B360957B0229C /* Products */;
			projectDirPath = "";
			projectRoot = "";
			targets = (
				2443E875BF45E22BBB848960 /* AliStoreClient */,
				1A61F1A30DE64F6262D665D1 /* AliStoreClientUITests */,
				CA8BF2CD39686C821BDE5345 /* AliStoreCore */,
				BD21F76168637D79959BA6FB /* AliStoreCoreTests */,
				72054852527678365D2752CC /* AliStoreCourier */,
				0A264A93E783C619ED392423 /* AliStoreCourierUITests */,
				DC8CC0056CE6295039B84B22 /* AliStorePOS */,
				C54029E46181F92621A856A3 /* AliStorePOSUITests */,
				A363FAEC848E9A2E1504F4F1 /* AliStoreStaff */,
				6D43053968F49FEF0FAC8594 /* AliStoreStaffUITests */,
			);
		};
/* End PBXProject section */

/* Begin PBXResourcesBuildPhase section */
		3C93B46EC5B6F88C513514E1 /* Resources */ = {
			isa = PBXResourcesBuildPhase;
			buildActionMask = 2147483647;
			files = (
				D8540E88D9B3581F66746FF8 /* PrivacyInfo.xcprivacy in Resources */,
			);
			runOnlyForDeploymentPostprocessing = 0;
		};
		61118C834926619891543954 /* Resources */ = {
			isa = PBXResourcesBuildPhase;
			buildActionMask = 2147483647;
			files = (
				E782525DE9BA891168B79DC2 /* Assets.xcassets in Resources */,
				E9AD728C67345D0B10525495 /* Assets.xcassets in Resources */,
				5C4A0A294F055F12ACC271CD /* PrivacyInfo.xcprivacy in Resources */,
				E57E3F0730FC547D46F22256 /* alistore-icon.svg in Resources */,
			);
			runOnlyForDeploymentPostprocessing = 0;
		};
		7BBF5A1180968AA4C9C937D7 /* Resources */ = {
			isa = PBXResourcesBuildPhase;
			buildActionMask = 2147483647;
			files = (
				AD8F4AD7E5412004A4DE7F90 /* Assets.xcassets in Resources */,
				FD8E6345CCA48F01DDC039E5 /* Assets.xcassets in Resources */,
				973D1A2779C11D55E3836920 /* GolosText-Bold.ttf in Resources */,
				3DD3BC46F9BEDBEE0AF1907A /* GolosText-Medium.ttf in Resources */,
				A2EEF23C6113ACFAA8CAEDEE /* GolosText-Regular.ttf in Resources */,
				854F379748EADD4855715C4C /* GolosText-SemiBold.ttf in Resources */,
				149FA88780F0B62AF79F30EA /* JetBrainsMono-Medium.ttf in Resources */,
				D1F1BA53DC9B26473B962F02 /* JetBrainsMono-Regular.ttf in Resources */,
				A032872D6346B1EC5ED635BF /* Manrope-Bold.ttf in Resources */,
				BB51670BC2D528ECA213E260 /* Manrope-ExtraBold.ttf in Resources */,
				241F114DD088D321DE0AFD26 /* Manrope-Medium.ttf in Resources */,
				AD696B438FE76B13F00948AB /* Manrope-Regular.ttf in Resources */,
				6CD45C6F9AAB7CAB5A235816 /* Manrope-SemiBold.ttf in Resources */,
				8EB1B61A796F080906F9324C /* OFL-GolosText.txt in Resources */,
				D41D08C37ADC9A026A6A1BD9 /* OFL-JetBrainsMono.txt in Resources */,
				305BBB69F7C855FB15F09273 /* OFL-Manrope.txt in Resources */,
				D10A68419B9AC3F5E5048EBC /* PrivacyInfo.xcprivacy in Resources */,
				033C0B97BDD273CF2129F40B /* alistore-icon.svg in Resources */,
			);
			runOnlyForDeploymentPostprocessing = 0;
		};
		9C99FE79EF027E2A37FE9981 /* Resources */ = {
			isa = PBXResourcesBuildPhase;
			buildActionMask = 2147483647;
			files = (
				BB9F1E820E92F5AE7302734F /* Assets.xcassets in Resources */,
				3469A62E39FDA40C52D6CCCB /* Assets.xcassets in Resources */,
				60A91B77ED6D2F052725E568 /* PrivacyInfo.xcprivacy in Resources */,
				F02017A9DEDB594FB4F87FF2 /* alistore-icon.svg in Resources */,
			);
			runOnlyForDeploymentPostprocessing = 0;
		};
		D30E1702BA1E655B9AEF2CB0 /* Resources */ = {
			isa = PBXResourcesBuildPhase;
			buildActionMask = 2147483647;
			files = (
				94459A9148B2AD4EAAE1A4F4 /* Assets.xcassets in Resources */,
				21A26D50DD49AB956D2FE4D5 /* Assets.xcassets in Resources */,
				BE916851B616DAF5F4F639FA /* PrivacyInfo.xcprivacy in Resources */,
				1A0DD02233D463CD63BCE9C0 /* alistore-icon.svg in Resources */,
			);
			runOnlyForDeploymentPostprocessing = 0;
		};
/* End PBXResourcesBuildPhase section */

/* Begin PBXSourcesBuildPhase section */
		1DE12775BCA27DE3EEE707C4 /* Sources */ = {
			isa = PBXSourcesBuildPhase;
			buildActionMask = 2147483647;
			files = (
				252697FC24CD3C493D79A848 /* AliStoreStaffApp.swift in Sources */,
				A80FCD2AA45BA0E8B994C5C6 /* StaffScannerView.swift in Sources */,
				652FDF2063F51338694979A9 /* StaffWorkView.swift in Sources */,
			);
			runOnlyForDeploymentPostprocessing = 0;
		};
		4D8486CDB47814615512A494 /* Sources */ = {
			isa = PBXSourcesBuildPhase;
			buildActionMask = 2147483647;
			files = (
				CB9F0F7A3C01608E128CE403 /* AliStoreClientApp.swift in Sources */,
				67F9FECC360463286E2FDC18 /* ClientDebugFeature.swift in Sources */,
				79619A82071A946BE8FD80B7 /* Design3Primitives.swift in Sources */,
				B7D091E62045AE7C5ED634F9 /* InstallmentView.swift in Sources */,
				03E06D3A831510A208B2CA6E /* OrderTrackingView.swift in Sources */,
				492FE010C8F04B72F808B040 /* ReferralView.swift in Sources */,
				DAF231BFB615CD79C0300ADF /* SmartSearch.swift in Sources */,
				6671744F29AD025FF2589365 /* StoriesViewer.swift in Sources */,
				2935B3E1DC695ADF56DEAF82 /* SupportChatView.swift in Sources */,
				98235E7E7D8DF4F3815F95C0 /* SystemStatesView.swift in Sources */,
				F7A028D6B8F54E1E0D6756EF /* WaitlistView.swift in Sources */,
			);
			runOnlyForDeploymentPostprocessing = 0;
		};
		539D3B29BFA12829B33EEA30 /* Sources */ = {
			isa = PBXSourcesBuildPhase;
			buildActionMask = 2147483647;
			files = (
				F5420D98BEB7F7E63A8AFCAE /* AliStoreCourierApp.swift in Sources */,
				E3B3670272FF6B5A0E381FFE /* CourierOperationsView.swift in Sources */,
			);
			runOnlyForDeploymentPostprocessing = 0;
		};
		7932F1F6D0AC11F4E7ACC3FB /* Sources */ = {
			isa = PBXSourcesBuildPhase;
			buildActionMask = 2147483647;
			files = (
				8A993354587D621FEB1A1B2B /* AliStorePOSApp.swift in Sources */,
				09D8C1D12D770FC850E10E98 /* POSOperationsView.swift in Sources */,
				7F516A224125BB6E327DCD90 /* POSSaleView.swift in Sources */,
			);
			runOnlyForDeploymentPostprocessing = 0;
		};
		8B96144BD71ECD845DF4ED44 /* Sources */ = {
			isa = PBXSourcesBuildPhase;
			buildActionMask = 2147483647;
			files = (
				615203EBFF70A2140FAB6A11 /* AliStoreStaffUITests.swift in Sources */,
			);
			runOnlyForDeploymentPostprocessing = 0;
		};
		B46D93D44AA22409AEEF28FB /* Sources */ = {
			isa = PBXSourcesBuildPhase;
			buildActionMask = 2147483647;
			files = (
				FC104A48C85554D4F1B0A1BA /* APIClientTests.swift in Sources */,
				BCA60888879A0F2A828FCBE4 /* CheckoutContractTests.swift in Sources */,
				351EBDAEDA3C3201EA8957CF /* CustomerMeContractTests.swift in Sources */,
				4AF63F6ACD7F8CD061DD765F /* OrderTimelineContractTests.swift in Sources */,
				563AE96AB62412BDC8FBF5BE /* POSReturnFlowTests.swift in Sources */,
				D3267E880FEF79B442F04BD0 /* QuickUnlockTests.swift in Sources */,
			);
			runOnlyForDeploymentPostprocessing = 0;
		};
		B63ED0FCA8EEF9046820F85A /* Sources */ = {
			isa = PBXSourcesBuildPhase;
			buildActionMask = 2147483647;
			files = (
				C980E64308632EB4DEBCEFC2 /* APIClient.swift in Sources */,
				A6B3E652D932FE6D10C39B25 /* AppEnvironment.swift in Sources */,
				72577A15EB13D14CB354087E /* CustomerAuthStore.swift in Sources */,
				31206D7B6F17EA6847E571FB /* Design3.swift in Sources */,
				8C5A4F7C9419670E633A9668 /* Models.swift in Sources */,
				95EB1A7C0A189F0D3F35FF3C /* NativeShell.swift in Sources */,
				03444F4B218B5510473414A3 /* OfflineQueue.swift in Sources */,
				801111550678A8B136CA7459 /* POSReturnFlow.swift in Sources */,
				EC2F8F3F837B4F9154CB3637 /* QuickUnlock.swift in Sources */,
				DC79480D6ECD50E8398446DD /* SecureTokenStore.swift in Sources */,
				77F2D261D59534FDD6B7F788 /* StaffAuthStore.swift in Sources */,
				E6E658A8C44D36ED57827236 /* StaffLoginView.swift in Sources */,
				4BAE338D9CD95F760DDA2C50 /* UITestBootstrap.swift in Sources */,
			);
			runOnlyForDeploymentPostprocessing = 0;
		};
		B886035F2B9FD059186A7EAF /* Sources */ = {
			isa = PBXSourcesBuildPhase;
			buildActionMask = 2147483647;
			files = (
				72ED8339516944CFBCBD7C65 /* AliStoreCourierUITests.swift in Sources */,
			);
			runOnlyForDeploymentPostprocessing = 0;
		};
		F222B2C0BAA4A4B0CF4AA668 /* Sources */ = {
			isa = PBXSourcesBuildPhase;
			buildActionMask = 2147483647;
			files = (
				8E922FEB132920BF2ABED19D /* AliStorePOSUITests.swift in Sources */,
			);
			runOnlyForDeploymentPostprocessing = 0;
		};
		FFB501B79328CC03566E2E4A /* Sources */ = {
			isa = PBXSourcesBuildPhase;
			buildActionMask = 2147483647;
			files = (
				73F2797F50FCEB22F130961A /* AliStoreClientUITests.swift in Sources */,
			);
			runOnlyForDeploymentPostprocessing = 0;
		};
/* End PBXSourcesBuildPhase section */

/* Begin PBXTargetDependency section */
		14F13422D7870CE1782D0D22 /* PBXTargetDependency */ = {
			isa = PBXTargetDependency;
			target = CA8BF2CD39686C821BDE5345 /* AliStoreCore */;
			targetProxy = 85C7B61B68AD63E7CA9CE9B6 /* PBXContainerItemProxy */;
		};
		314AE80E160828DD1D82958B /* PBXTargetDependency */ = {
			isa = PBXTargetDependency;
			target = 72054852527678365D2752CC /* AliStoreCourier */;
			targetProxy = 3718E4F1A1661860D242E9A6 /* PBXContainerItemProxy */;
		};
		406D474EF89CE0BA1EF93041 /* PBXTargetDependency */ = {
			isa = PBXTargetDependency;
			target = 2443E875BF45E22BBB848960 /* AliStoreClient */;
			targetProxy = 9959E8D0EBAF81C048A63D2D /* PBXContainerItemProxy */;
		};
		49BA464E644F8F9B93155CED /* PBXTargetDependency */ = {
			isa = PBXTargetDependency;
			target = CA8BF2CD39686C821BDE5345 /* AliStoreCore */;
			targetProxy = 1E1D4563B2376A920E849819 /* PBXContainerItemProxy */;
		};
		94F8E9AB128E28F514F083D4 /* PBXTargetDependency */ = {
			isa = PBXTargetDependency;
			target = CA8BF2CD39686C821BDE5345 /* AliStoreCore */;
			targetProxy = A35D5F7D6213D19D9F199A39 /* PBXContainerItemProxy */;
		};
		D24788843A16D97FBC38CBDD /* PBXTargetDependency */ = {
			isa = PBXTargetDependency;
			target = CA8BF2CD39686C821BDE5345 /* AliStoreCore */;
			targetProxy = B2859D65C78ECD058C961930 /* PBXContainerItemProxy */;
		};
		DEB765DF04BE670A232DC18F /* PBXTargetDependency */ = {
			isa = PBXTargetDependency;
			target = CA8BF2CD39686C821BDE5345 /* AliStoreCore */;
			targetProxy = 074F76269C2BA59CB22450E3 /* PBXContainerItemProxy */;
		};
		F05BF6E5229BC9F9162FAF0F /* PBXTargetDependency */ = {
			isa = PBXTargetDependency;
			target = DC8CC0056CE6295039B84B22 /* AliStorePOS */;
			targetProxy = ADA49E244511041A39BAA24D /* PBXContainerItemProxy */;
		};
		FB70000E4523D16C1B669DF0 /* PBXTargetDependency */ = {
			isa = PBXTargetDependency;
			target = A363FAEC848E9A2E1504F4F1 /* AliStoreStaff */;
			targetProxy = 73AED76557330A995F4052B5 /* PBXContainerItemProxy */;
		};
/* End PBXTargetDependency section */

/* Begin XCBuildConfiguration section */
		13CAD953B982589FF2366315 /* Release */ = {
			isa = XCBuildConfiguration;
			buildSettings = {
				API_BASE_URL = "$(ALISTORE_API_BASE_URL)";
				APS_ENVIRONMENT = production;
				ASSETCATALOG_COMPILER_APPICON_NAME = AppIcon;
				CODE_SIGN_ENTITLEMENTS = Courier/Courier.entitlements;
				CODE_SIGN_IDENTITY = "Apple Distribution";
				CODE_SIGN_STYLE = Manual;
				INFOPLIST_FILE = Courier/Info.plist;
				LD_RUNPATH_SEARCH_PATHS = (
					"$(inherited)",
					"@executable_path/Frameworks",
				);
				PRODUCT_BUNDLE_IDENTIFIER = kg.alistore.courier;
				PRODUCT_NAME = AliStoreCourier;
				PROVISIONING_PROFILE_SPECIFIER = "AliStore Courier App Store";
				SDKROOT = iphoneos;
				TARGETED_DEVICE_FAMILY = "1,2";
			};
			name = Release;
		};
		2C99C583D981DCAEDED31FB8 /* Release */ = {
			isa = XCBuildConfiguration;
			buildSettings = {
				API_BASE_URL = "$(ALISTORE_API_BASE_URL)";
				APS_ENVIRONMENT = production;
				ASSETCATALOG_COMPILER_APPICON_NAME = AppIcon;
				CODE_SIGN_ENTITLEMENTS = Client/Client.entitlements;
				CODE_SIGN_IDENTITY = "Apple Distribution";
				CODE_SIGN_STYLE = Manual;
				INFOPLIST_FILE = Client/Info.plist;
				LD_RUNPATH_SEARCH_PATHS = (
					"$(inherited)",
					"@executable_path/Frameworks",
				);
				PAYMENT_RETURN_URL = "https://ali.kg/payment-return";
				PRODUCT_BUNDLE_IDENTIFIER = kg.alistore.client;
				PRODUCT_NAME = AliStore;
				PROVISIONING_PROFILE_SPECIFIER = "AliStore Client App Store";
				SDKROOT = iphoneos;
				TARGETED_DEVICE_FAMILY = "1,2";
			};
			name = Release;
		};
		2E5DD6D218BFCD3A3D15AC2D /* Release */ = {
			isa = XCBuildConfiguration;
			buildSettings = {
				BUNDLE_LOADER = "$(TEST_HOST)";
				GENERATE_INFOPLIST_FILE = YES;
				LD_RUNPATH_SEARCH_PATHS = (
					"$(inherited)",
					"@executable_path/Frameworks",
					"@loader_path/Frameworks",
				);
				PRODUCT_BUNDLE_IDENTIFIER = kg.alistore.core.tests;
				SDKROOT = iphoneos;
				TARGETED_DEVICE_FAMILY = "1,2";
			};
			name = Release;
		};
		33EF963FF6748679C0FF57C4 /* Debug */ = {
			isa = XCBuildConfiguration;
			buildSettings = {
				BUNDLE_LOADER = "$(TEST_HOST)";
				GENERATE_INFOPLIST_FILE = YES;
				LD_RUNPATH_SEARCH_PATHS = (
					"$(inherited)",
					"@executable_path/Frameworks",
					"@loader_path/Frameworks",
				);
				PRODUCT_BUNDLE_IDENTIFIER = "kg.alistore.pos.ui-tests";
				SDKROOT = iphoneos;
				TARGETED_DEVICE_FAMILY = "1,2";
				TEST_TARGET_NAME = AliStorePOS;
			};
			name = Debug;
		};
		34983CCBC2F012C2B249DC0D /* Release */ = {
			isa = XCBuildConfiguration;
			buildSettings = {
				BUNDLE_LOADER = "$(TEST_HOST)";
				GENERATE_INFOPLIST_FILE = YES;
				LD_RUNPATH_SEARCH_PATHS = (
					"$(inherited)",
					"@executable_path/Frameworks",
					"@loader_path/Frameworks",
				);
				PRODUCT_BUNDLE_IDENTIFIER = "kg.alistore.client.ui-tests";
				SDKROOT = iphoneos;
				TARGETED_DEVICE_FAMILY = "1,2";
				TEST_TARGET_NAME = AliStoreClient;
			};
			name = Release;
		};
		4531971EB68BB296B51E3329 /* Release */ = {
			isa = XCBuildConfiguration;
			buildSettings = {
				BUNDLE_LOADER = "$(TEST_HOST)";
				GENERATE_INFOPLIST_FILE = YES;
				LD_RUNPATH_SEARCH_PATHS = (
					"$(inherited)",
					"@executable_path/Frameworks",
					"@loader_path/Frameworks",
				);
				PRODUCT_BUNDLE_IDENTIFIER = "kg.alistore.courier.ui-tests";
				SDKROOT = iphoneos;
				TARGETED_DEVICE_FAMILY = "1,2";
				TEST_TARGET_NAME = AliStoreCourier;
			};
			name = Release;
		};
		5BA03919C44C1429936ED28F /* Debug */ = {
			isa = XCBuildConfiguration;
			buildSettings = {
				API_BASE_URL = "http://127.0.0.1:4000/api";
				APS_ENVIRONMENT = development;
				ASSETCATALOG_COMPILER_APPICON_NAME = AppIcon;
				CODE_SIGN_ENTITLEMENTS = Courier/Courier.entitlements;
				CODE_SIGN_IDENTITY = "iPhone Developer";
				INFOPLIST_FILE = Courier/Info.plist;
				LD_RUNPATH_SEARCH_PATHS = (
					"$(inherited)",
					"@executable_path/Frameworks",
				);
				PRODUCT_BUNDLE_IDENTIFIER = kg.alistore.courier;
				PRODUCT_NAME = AliStoreCourier;
				SDKROOT = iphoneos;
				TARGETED_DEVICE_FAMILY = "1,2";
			};
			name = Debug;
		};
		6003EC7F79A860C3220F6949 /* Release */ = {
			isa = XCBuildConfiguration;
			buildSettings = {
				CODE_SIGN_IDENTITY = "";
				CURRENT_PROJECT_VERSION = 1;
				DEFINES_MODULE = YES;
				DYLIB_COMPATIBILITY_VERSION = 1;
				DYLIB_CURRENT_VERSION = 1;
				DYLIB_INSTALL_NAME_BASE = "@rpath";
				GENERATE_INFOPLIST_FILE = YES;
				INSTALL_PATH = "$(LOCAL_LIBRARY_DIR)/Frameworks";
				LD_RUNPATH_SEARCH_PATHS = (
					"$(inherited)",
					"@executable_path/Frameworks",
				);
				PRODUCT_BUNDLE_IDENTIFIER = kg.alistore.core;
				SDKROOT = iphoneos;
				SKIP_INSTALL = YES;
				TARGETED_DEVICE_FAMILY = "1,2";
				VERSIONING_SYSTEM = "apple-generic";
			};
			name = Release;
		};
		6388FEECAEE6FB4C0B7AA819 /* Release */ = {
			isa = XCBuildConfiguration;
			buildSettings = {
				BUNDLE_LOADER = "$(TEST_HOST)";
				GENERATE_INFOPLIST_FILE = YES;
				LD_RUNPATH_SEARCH_PATHS = (
					"$(inherited)",
					"@executable_path/Frameworks",
					"@loader_path/Frameworks",
				);
				PRODUCT_BUNDLE_IDENTIFIER = "kg.alistore.pos.ui-tests";
				SDKROOT = iphoneos;
				TARGETED_DEVICE_FAMILY = "1,2";
				TEST_TARGET_NAME = AliStorePOS;
			};
			name = Release;
		};
		665D3F6463CFBF3AAF38864D /* Release */ = {
			isa = XCBuildConfiguration;
			buildSettings = {
				ALWAYS_SEARCH_USER_PATHS = NO;
				CLANG_ANALYZER_NONNULL = YES;
				CLANG_ANALYZER_NUMBER_OBJECT_CONVERSION = YES_AGGRESSIVE;
				CLANG_CXX_LANGUAGE_STANDARD = "gnu++14";
				CLANG_CXX_LIBRARY = "libc++";
				CLANG_ENABLE_MODULES = YES;
				CLANG_ENABLE_OBJC_ARC = YES;
				CLANG_ENABLE_OBJC_WEAK = YES;
				CLANG_WARN_BLOCK_CAPTURE_AUTORELEASING = YES;
				CLANG_WARN_BOOL_CONVERSION = YES;
				CLANG_WARN_COMMA = YES;
				CLANG_WARN_CONSTANT_CONVERSION = YES;
				CLANG_WARN_DEPRECATED_OBJC_IMPLEMENTATIONS = YES;
				CLANG_WARN_DIRECT_OBJC_ISA_USAGE = YES_ERROR;
				CLANG_WARN_DOCUMENTATION_COMMENTS = YES;
				CLANG_WARN_EMPTY_BODY = YES;
				CLANG_WARN_ENUM_CONVERSION = YES;
				CLANG_WARN_INFINITE_RECURSION = YES;
				CLANG_WARN_INT_CONVERSION = YES;
				CLANG_WARN_NON_LITERAL_NULL_CONVERSION = YES;
				CLANG_WARN_OBJC_IMPLICIT_RETAIN_SELF = YES;
				CLANG_WARN_OBJC_LITERAL_CONVERSION = YES;
				CLANG_WARN_OBJC_ROOT_CLASS = YES_ERROR;
				CLANG_WARN_QUOTED_INCLUDE_IN_FRAMEWORK_HEADER = YES;
				CLANG_WARN_RANGE_LOOP_ANALYSIS = YES;
				CLANG_WARN_STRICT_PROTOTYPES = YES;
				CLANG_WARN_SUSPICIOUS_MOVE = YES;
				CLANG_WARN_UNGUARDED_AVAILABILITY = YES_AGGRESSIVE;
				CLANG_WARN_UNREACHABLE_CODE = YES;
				CLANG_WARN__DUPLICATE_METHOD_MATCH = YES;
				CODE_SIGN_STYLE = Automatic;
				COPY_PHASE_STRIP = NO;
				CURRENT_PROJECT_VERSION = 2;
				DEBUG_INFORMATION_FORMAT = "dwarf-with-dsym";
				DEVELOPMENT_TEAM = "";
				ENABLE_NS_ASSERTIONS = NO;
				ENABLE_STRICT_OBJC_MSGSEND = YES;
				ENABLE_USER_SCRIPT_SANDBOXING = YES;
				GCC_C_LANGUAGE_STANDARD = gnu11;
				GCC_NO_COMMON_BLOCKS = YES;
				GCC_WARN_64_TO_32_BIT_CONVERSION = YES;
				GCC_WARN_ABOUT_RETURN_TYPE = YES_ERROR;
				GCC_WARN_UNDECLARED_SELECTOR = YES;
				GCC_WARN_UNINITIALIZED_AUTOS = YES_AGGRESSIVE;
				GCC_WARN_UNUSED_FUNCTION = YES;
				GCC_WARN_UNUSED_VARIABLE = YES;
				IPHONEOS_DEPLOYMENT_TARGET = 17.0;
				MARKETING_VERSION = 1.0.0;
				MTL_ENABLE_DEBUG_INFO = NO;
				MTL_FAST_MATH = YES;
				PRODUCT_NAME = "$(TARGET_NAME)";
				SDKROOT = iphoneos;
				SWIFT_COMPILATION_MODE = wholemodule;
				SWIFT_OPTIMIZATION_LEVEL = "-O";
				SWIFT_VERSION = 6.0;
			};
			name = Release;
		};
		6974796B38F8F1FC7D518004 /* Release */ = {
			isa = XCBuildConfiguration;
			buildSettings = {
				BUNDLE_LOADER = "$(TEST_HOST)";
				GENERATE_INFOPLIST_FILE = YES;
				LD_RUNPATH_SEARCH_PATHS = (
					"$(inherited)",
					"@executable_path/Frameworks",
					"@loader_path/Frameworks",
				);
				PRODUCT_BUNDLE_IDENTIFIER = "kg.alistore.staff.ui-tests";
				SDKROOT = iphoneos;
				TARGETED_DEVICE_FAMILY = "1,2";
				TEST_TARGET_NAME = AliStoreStaff;
			};
			name = Release;
		};
		70DC337812F9AAA29422D547 /* Debug */ = {
			isa = XCBuildConfiguration;
			buildSettings = {
				CODE_SIGN_IDENTITY = "";
				CURRENT_PROJECT_VERSION = 1;
				DEFINES_MODULE = YES;
				DYLIB_COMPATIBILITY_VERSION = 1;
				DYLIB_CURRENT_VERSION = 1;
				DYLIB_INSTALL_NAME_BASE = "@rpath";
				GENERATE_INFOPLIST_FILE = YES;
				INSTALL_PATH = "$(LOCAL_LIBRARY_DIR)/Frameworks";
				LD_RUNPATH_SEARCH_PATHS = (
					"$(inherited)",
					"@executable_path/Frameworks",
				);
				PRODUCT_BUNDLE_IDENTIFIER = kg.alistore.core;
				SDKROOT = iphoneos;
				SKIP_INSTALL = YES;
				TARGETED_DEVICE_FAMILY = "1,2";
				VERSIONING_SYSTEM = "apple-generic";
			};
			name = Debug;
		};
		790AFFF250A82A4EBD1CFED2 /* Debug */ = {
			isa = XCBuildConfiguration;
			buildSettings = {
				API_BASE_URL = "http://127.0.0.1:4000/api";
				APS_ENVIRONMENT = development;
				ASSETCATALOG_COMPILER_APPICON_NAME = AppIcon;
				CODE_SIGN_ENTITLEMENTS = Staff/Staff.entitlements;
				CODE_SIGN_IDENTITY = "iPhone Developer";
				INFOPLIST_FILE = Staff/Info.plist;
				LD_RUNPATH_SEARCH_PATHS = (
					"$(inherited)",
					"@executable_path/Frameworks",
				);
				PRODUCT_BUNDLE_IDENTIFIER = kg.alistore.staff;
				PRODUCT_NAME = AliStoreStaff;
				SDKROOT = iphoneos;
				TARGETED_DEVICE_FAMILY = "1,2";
			};
			name = Debug;
		};
		895F98781D9F9DC0BFFF1E4A /* Debug */ = {
			isa = XCBuildConfiguration;
			buildSettings = {
				BUNDLE_LOADER = "$(TEST_HOST)";
				GENERATE_INFOPLIST_FILE = YES;
				LD_RUNPATH_SEARCH_PATHS = (
					"$(inherited)",
					"@executable_path/Frameworks",
					"@loader_path/Frameworks",
				);
				PRODUCT_BUNDLE_IDENTIFIER = "kg.alistore.staff.ui-tests";
				SDKROOT = iphoneos;
				TARGETED_DEVICE_FAMILY = "1,2";
				TEST_TARGET_NAME = AliStoreStaff;
			};
			name = Debug;
		};
		9E3E2A576E3D682ECA241689 /* Release */ = {
			isa = XCBuildConfiguration;
			buildSettings = {
				API_BASE_URL = "$(ALISTORE_API_BASE_URL)";
				APS_ENVIRONMENT = production;
				ASSETCATALOG_COMPILER_APPICON_NAME = AppIcon;
				CODE_SIGN_ENTITLEMENTS = Staff/Staff.entitlements;
				CODE_SIGN_IDENTITY = "Apple Distribution";
				CODE_SIGN_STYLE = Manual;
				INFOPLIST_FILE = Staff/Info.plist;
				LD_RUNPATH_SEARCH_PATHS = (
					"$(inherited)",
					"@executable_path/Frameworks",
				);
				PRODUCT_BUNDLE_IDENTIFIER = kg.alistore.staff;
				PRODUCT_NAME = AliStoreStaff;
				PROVISIONING_PROFILE_SPECIFIER = "AliStore Staff App Store";
				SDKROOT = iphoneos;
				TARGETED_DEVICE_FAMILY = "1,2";
			};
			name = Release;
		};
		A4E62A5DA36EE4DCC2752338 /* Debug */ = {
			isa = XCBuildConfiguration;
			buildSettings = {
				API_BASE_URL = "http://127.0.0.1:4000/api";
				APS_ENVIRONMENT = development;
				ASSETCATALOG_COMPILER_APPICON_NAME = AppIcon;
				CODE_SIGN_ENTITLEMENTS = POS/POS.entitlements;
				CODE_SIGN_IDENTITY = "iPhone Developer";
				INFOPLIST_FILE = POS/Info.plist;
				LD_RUNPATH_SEARCH_PATHS = (
					"$(inherited)",
					"@executable_path/Frameworks",
				);
				PRODUCT_BUNDLE_IDENTIFIER = kg.alistore.pos;
				PRODUCT_NAME = AliStorePOS;
				SDKROOT = iphoneos;
				TARGETED_DEVICE_FAMILY = "1,2";
			};
			name = Debug;
		};
		AA0226E24573AF3215AA27A6 /* Release */ = {
			isa = XCBuildConfiguration;
			buildSettings = {
				API_BASE_URL = "$(ALISTORE_API_BASE_URL)";
				APS_ENVIRONMENT = production;
				ASSETCATALOG_COMPILER_APPICON_NAME = AppIcon;
				CODE_SIGN_ENTITLEMENTS = POS/POS.entitlements;
				CODE_SIGN_IDENTITY = "Apple Distribution";
				CODE_SIGN_STYLE = Manual;
				INFOPLIST_FILE = POS/Info.plist;
				LD_RUNPATH_SEARCH_PATHS = (
					"$(inherited)",
					"@executable_path/Frameworks",
				);
				PRODUCT_BUNDLE_IDENTIFIER = kg.alistore.pos;
				PRODUCT_NAME = AliStorePOS;
				PROVISIONING_PROFILE_SPECIFIER = "AliStore POS App Store";
				SDKROOT = iphoneos;
				TARGETED_DEVICE_FAMILY = "1,2";
			};
			name = Release;
		};
		AE622C30578194F00E861F44 /* Debug */ = {
			isa = XCBuildConfiguration;
			buildSettings = {
				ALWAYS_SEARCH_USER_PATHS = NO;
				CLANG_ANALYZER_NONNULL = YES;
				CLANG_ANALYZER_NUMBER_OBJECT_CONVERSION = YES_AGGRESSIVE;
				CLANG_CXX_LANGUAGE_STANDARD = "gnu++14";
				CLANG_CXX_LIBRARY = "libc++";
				CLANG_ENABLE_MODULES = YES;
				CLANG_ENABLE_OBJC_ARC = YES;
				CLANG_ENABLE_OBJC_WEAK = YES;
				CLANG_WARN_BLOCK_CAPTURE_AUTORELEASING = YES;
				CLANG_WARN_BOOL_CONVERSION = YES;
				CLANG_WARN_COMMA = YES;
				CLANG_WARN_CONSTANT_CONVERSION = YES;
				CLANG_WARN_DEPRECATED_OBJC_IMPLEMENTATIONS = YES;
				CLANG_WARN_DIRECT_OBJC_ISA_USAGE = YES_ERROR;
				CLANG_WARN_DOCUMENTATION_COMMENTS = YES;
				CLANG_WARN_EMPTY_BODY = YES;
				CLANG_WARN_ENUM_CONVERSION = YES;
				CLANG_WARN_INFINITE_RECURSION = YES;
				CLANG_WARN_INT_CONVERSION = YES;
				CLANG_WARN_NON_LITERAL_NULL_CONVERSION = YES;
				CLANG_WARN_OBJC_IMPLICIT_RETAIN_SELF = YES;
				CLANG_WARN_OBJC_LITERAL_CONVERSION = YES;
				CLANG_WARN_OBJC_ROOT_CLASS = YES_ERROR;
				CLANG_WARN_QUOTED_INCLUDE_IN_FRAMEWORK_HEADER = YES;
				CLANG_WARN_RANGE_LOOP_ANALYSIS = YES;
				CLANG_WARN_STRICT_PROTOTYPES = YES;
				CLANG_WARN_SUSPICIOUS_MOVE = YES;
				CLANG_WARN_UNGUARDED_AVAILABILITY = YES_AGGRESSIVE;
				CLANG_WARN_UNREACHABLE_CODE = YES;
				CLANG_WARN__DUPLICATE_METHOD_MATCH = YES;
				CODE_SIGN_STYLE = Automatic;
				COPY_PHASE_STRIP = NO;
				CURRENT_PROJECT_VERSION = 2;
				DEBUG_INFORMATION_FORMAT = dwarf;
				DEVELOPMENT_TEAM = "";
				ENABLE_STRICT_OBJC_MSGSEND = YES;
				ENABLE_TESTABILITY = YES;
				ENABLE_USER_SCRIPT_SANDBOXING = YES;
				GCC_C_LANGUAGE_STANDARD = gnu11;
				GCC_DYNAMIC_NO_PIC = NO;
				GCC_NO_COMMON_BLOCKS = YES;
				GCC_OPTIMIZATION_LEVEL = 0;
				GCC_PREPROCESSOR_DEFINITIONS = (
					"$(inherited)",
					"DEBUG=1",
				);
				GCC_WARN_64_TO_32_BIT_CONVERSION = YES;
				GCC_WARN_ABOUT_RETURN_TYPE = YES_ERROR;
				GCC_WARN_UNDECLARED_SELECTOR = YES;
				GCC_WARN_UNINITIALIZED_AUTOS = YES_AGGRESSIVE;
				GCC_WARN_UNUSED_FUNCTION = YES;
				GCC_WARN_UNUSED_VARIABLE = YES;
				IPHONEOS_DEPLOYMENT_TARGET = 17.0;
				MARKETING_VERSION = 1.0.0;
				MTL_ENABLE_DEBUG_INFO = INCLUDE_SOURCE;
				MTL_FAST_MATH = YES;
				ONLY_ACTIVE_ARCH = YES;
				PRODUCT_NAME = "$(TARGET_NAME)";
				SDKROOT = iphoneos;
				SWIFT_ACTIVE_COMPILATION_CONDITIONS = DEBUG;
				SWIFT_OPTIMIZATION_LEVEL = "-Onone";
				SWIFT_VERSION = 6.0;
			};
			name = Debug;
		};
		B63C1725CF24ABD8D50D451B /* Debug */ = {
			isa = XCBuildConfiguration;
			buildSettings = {
				BUNDLE_LOADER = "$(TEST_HOST)";
				GENERATE_INFOPLIST_FILE = YES;
				LD_RUNPATH_SEARCH_PATHS = (
					"$(inherited)",
					"@executable_path/Frameworks",
					"@loader_path/Frameworks",
				);
				PRODUCT_BUNDLE_IDENTIFIER = "kg.alistore.courier.ui-tests";
				SDKROOT = iphoneos;
				TARGETED_DEVICE_FAMILY = "1,2";
				TEST_TARGET_NAME = AliStoreCourier;
			};
			name = Debug;
		};
		DC1C003A6A290A25B7A7116C /* Debug */ = {
			isa = XCBuildConfiguration;
			buildSettings = {
				BUNDLE_LOADER = "$(TEST_HOST)";
				GENERATE_INFOPLIST_FILE = YES;
				LD_RUNPATH_SEARCH_PATHS = (
					"$(inherited)",
					"@executable_path/Frameworks",
					"@loader_path/Frameworks",
				);
				PRODUCT_BUNDLE_IDENTIFIER = "kg.alistore.client.ui-tests";
				SDKROOT = iphoneos;
				TARGETED_DEVICE_FAMILY = "1,2";
				TEST_TARGET_NAME = AliStoreClient;
			};
			name = Debug;
		};
		EA264166879AF3811BD43088 /* Debug */ = {
			isa = XCBuildConfiguration;
			buildSettings = {
				API_BASE_URL = "http://127.0.0.1:4000/api";
				APS_ENVIRONMENT = development;
				ASSETCATALOG_COMPILER_APPICON_NAME = AppIcon;
				CODE_SIGN_ENTITLEMENTS = Client/Client.entitlements;
				CODE_SIGN_IDENTITY = "iPhone Developer";
				INFOPLIST_FILE = Client/Info.plist;
				LD_RUNPATH_SEARCH_PATHS = (
					"$(inherited)",
					"@executable_path/Frameworks",
				);
				PAYMENT_RETURN_URL = "alistore://payment-return";
				PRODUCT_BUNDLE_IDENTIFIER = kg.alistore.client;
				PRODUCT_NAME = AliStore;
				SDKROOT = iphoneos;
				TARGETED_DEVICE_FAMILY = "1,2";
			};
			name = Debug;
		};
		EFFDFAA391BFF640A78D7D8E /* Debug */ = {
			isa = XCBuildConfiguration;
			buildSettings = {
				BUNDLE_LOADER = "$(TEST_HOST)";
				GENERATE_INFOPLIST_FILE = YES;
				LD_RUNPATH_SEARCH_PATHS = (
					"$(inherited)",
					"@executable_path/Frameworks",
					"@loader_path/Frameworks",
				);
				PRODUCT_BUNDLE_IDENTIFIER = kg.alistore.core.tests;
				SDKROOT = iphoneos;
				TARGETED_DEVICE_FAMILY = "1,2";
			};
			name = Debug;
		};
/* End XCBuildConfiguration section */

/* Begin XCConfigurationList section */
		064C663C713384DA75EB5609 /* Build configuration list for PBXNativeTarget "AliStoreStaffUITests" */ = {
			isa = XCConfigurationList;
			buildConfigurations = (
				895F98781D9F9DC0BFFF1E4A /* Debug */,
				6974796B38F8F1FC7D518004 /* Release */,
			);
			defaultConfigurationIsVisible = 0;
			defaultConfigurationName = Debug;
		};
		080C24DEE8C0E45FE5C079AD /* Build configuration list for PBXNativeTarget "AliStorePOS" */ = {
			isa = XCConfigurationList;
			buildConfigurations = (
				A4E62A5DA36EE4DCC2752338 /* Debug */,
				AA0226E24573AF3215AA27A6 /* Release */,
			);
			defaultConfigurationIsVisible = 0;
			defaultConfigurationName = Debug;
		};
		19FF51B4BCC6A7ACDAA4591B /* Build configuration list for PBXNativeTarget "AliStoreClientUITests" */ = {
			isa = XCConfigurationList;
			buildConfigurations = (
				DC1C003A6A290A25B7A7116C /* Debug */,
				34983CCBC2F012C2B249DC0D /* Release */,
			);
			defaultConfigurationIsVisible = 0;
			defaultConfigurationName = Debug;
		};
		3114AF0DCBBD1E7CCA323D81 /* Build configuration list for PBXNativeTarget "AliStoreCourierUITests" */ = {
			isa = XCConfigurationList;
			buildConfigurations = (
				B63C1725CF24ABD8D50D451B /* Debug */,
				4531971EB68BB296B51E3329 /* Release */,
			);
			defaultConfigurationIsVisible = 0;
			defaultConfigurationName = Debug;
		};
		6C690CD044197929F5F9E4DA /* Build configuration list for PBXNativeTarget "AliStoreCoreTests" */ = {
			isa = XCConfigurationList;
			buildConfigurations = (
				EFFDFAA391BFF640A78D7D8E /* Debug */,
				2E5DD6D218BFCD3A3D15AC2D /* Release */,
			);
			defaultConfigurationIsVisible = 0;
			defaultConfigurationName = Debug;
		};
		8561EC62D37111A7CE0F4353 /* Build configuration list for PBXNativeTarget "AliStoreCore" */ = {
			isa = XCConfigurationList;
			buildConfigurations = (
				70DC337812F9AAA29422D547 /* Debug */,
				6003EC7F79A860C3220F6949 /* Release */,
			);
			defaultConfigurationIsVisible = 0;
			defaultConfigurationName = Debug;
		};
		91FC872B723CC0143095C8B1 /* Build configuration list for PBXNativeTarget "AliStoreCourier" */ = {
			isa = XCConfigurationList;
			buildConfigurations = (
				5BA03919C44C1429936ED28F /* Debug */,
				13CAD953B982589FF2366315 /* Release */,
			);
			defaultConfigurationIsVisible = 0;
			defaultConfigurationName = Debug;
		};
		937F895BBC1D54A4BCBFD844 /* Build configuration list for PBXNativeTarget "AliStorePOSUITests" */ = {
			isa = XCConfigurationList;
			buildConfigurations = (
				33EF963FF6748679C0FF57C4 /* Debug */,
				6388FEECAEE6FB4C0B7AA819 /* Release */,
			);
			defaultConfigurationIsVisible = 0;
			defaultConfigurationName = Debug;
		};
		ABBBAFA58E438391703AA7AC /* Build configuration list for PBXNativeTarget "AliStoreClient" */ = {
			isa = XCConfigurationList;
			buildConfigurations = (
				EA264166879AF3811BD43088 /* Debug */,
				2C99C583D981DCAEDED31FB8 /* Release */,
			);
			defaultConfigurationIsVisible = 0;
			defaultConfigurationName = Debug;
		};
		B2E1B25443BEB0E157A8E8DD /* Build configuration list for PBXNativeTarget "AliStoreStaff" */ = {
			isa = XCConfigurationList;
			buildConfigurations = (
				790AFFF250A82A4EBD1CFED2 /* Debug */,
				9E3E2A576E3D682ECA241689 /* Release */,
			);
			defaultConfigurationIsVisible = 0;
			defaultConfigurationName = Debug;
		};
		C3AD59F41DFE0078315AFD33 /* Build configuration list for PBXProject "AliStoreNative" */ = {
			isa = XCConfigurationList;
			buildConfigurations = (
				AE622C30578194F00E861F44 /* Debug */,
				665D3F6463CFBF3AAF38864D /* Release */,
			);
			defaultConfigurationIsVisible = 0;
			defaultConfigurationName = Debug;
		};
/* End XCConfigurationList section */
	};
	rootObject = CB2BE8DFF4C369828C62B817 /* Project object */;
}
